// !$*UTF8*$!
{
	archiveVersion = 1;
	classes = {
	};
	objectVersion = 70;
	objects = {

/* Begin PBXBuildFile section */
		CB178BF12A16F5DE0079A20F /* AppDelegate.swift in Sources */ = {isa = PBXBuildFile; fileRef = CB178BF02A16F5DE0079A20F /* AppDelegate.swift */; };
		CB178BF32A16F5DE0079A20F /* SceneDelegate.swift in Sources */ = {isa = PBXBuildFile; fileRef = CB178BF22A16F5DE0079A20F /* SceneDelegate.swift */; };
		CB178BF52A16F5DE0079A20F /* MainViewController.swift in Sources */ = {isa = PBXBuildFile; fileRef = CB178BF42A16F5DE0079A20F /* MainViewController.swift */; };
		CB178BFA2A16F5DF0079A20F /* Assets.xcassets in Resources */ = {isa = PBXBuildFile; fileRef = CB178BF92A16F5DF0079A20F /* Assets.xcassets */; };
		CB178BFD2A16F5DF0079A20F /* LaunchScreen.storyboard in Resources */ = {isa = PBXBuildFile; fileRef = CB178BFB2A16F5DF0079A20F /* LaunchScreen.storyboard */; };
		CB178C082A16F5DF0079A20F /* StudyBuddyTests.swift in Sources */ = {isa = PBXBuildFile; fileRef = CB178C072A16F5DF0079A20F /* StudyBuddyTests.swift */; };
		CB178C122A16F5DF0079A20F /* StudyBuddyUITests.swift in Sources */ = {isa = PBXBuildFile; fileRef = CB178C112A16F5DF0079A20F /* StudyBuddyUITests.swift */; };
		CB178C142A16F5DF0079A20F /* StudyBuddyUITestsLaunchTests.swift in Sources */ = {isa = PBXBuildFile; fileRef = CB178C132A16F5DF0079A20F /* StudyBuddyUITestsLaunchTests.swift */; };
		CB1FE71B2BE817A900AD0E2D /* NewUserInteractor.swift in Sources */ = {isa = PBXBuildFile; fileRef = CB1FE71A2BE817A900AD0E2D /* NewUserInteractor.swift */; };
		CB1FE71D2BE817B600AD0E2D /* NewUserPresenter.swift in Sources */ = {isa = PBXBuildFile; fileRef = CB1FE71C2BE817B600AD0E2D /* NewUserPresenter.swift */; };
		CB1FE7212BE8186600AD0E2D /* NewUserFactory.swift in Sources */ = {isa = PBXBuildFile; fileRef = CB1FE7202BE8186600AD0E2D /* NewUserFactory.swift */; };
		CB1FE7242BE843E100AD0E2D /* MainFactory.swift in Sources */ = {isa = PBXBuildFile; fileRef = CB1FE7232BE843E100AD0E2D /* MainFactory.swift */; };
		CB1FE7262BE8473300AD0E2D /* MainInteractor.swift in Sources */ = {isa = PBXBuildFile; fileRef = CB1FE7252BE8473300AD0E2D /* MainInteractor.swift */; };
		CB1FE7282BE8473D00AD0E2D /* MainPresenter.swift in Sources */ = {isa = PBXBuildFile; fileRef = CB1FE7272BE8473D00AD0E2D /* MainPresenter.swift */; };
		CB1FE72A2BE84DBF00AD0E2D /* ProfileInteractor.swift in Sources */ = {isa = PBXBuildFile; fileRef = CB1FE7292BE84DBF00AD0E2D /* ProfileInteractor.swift */; };
		CB1FE72C2BE84DCD00AD0E2D /* ProfilePresenter.swift in Sources */ = {isa = PBXBuildFile; fileRef = CB1FE72B2BE84DCD00AD0E2D /* ProfilePresenter.swift */; };
		CB1FE72E2BE84F1300AD0E2D /* ProfileFactory.swift in Sources */ = {isa = PBXBuildFile; fileRef = CB1FE72D2BE84F1300AD0E2D /* ProfileFactory.swift */; };
		CB1FE7302BE8797900AD0E2D /* RoutineModel.swift in Sources */ = {isa = PBXBuildFile; fileRef = CB1FE72F2BE8797900AD0E2D /* RoutineModel.swift */; };
		CB1FE7322BE8808700AD0E2D /* RoutineDetailsFactory.swift in Sources */ = {isa = PBXBuildFile; fileRef = CB1FE7312BE8808700AD0E2D /* RoutineDetailsFactory.swift */; };
		CB1FE7342BE8809700AD0E2D /* RoutineDetailsInteractor.swift in Sources */ = {isa = PBXBuildFile; fileRef = CB1FE7332BE8809700AD0E2D /* RoutineDetailsInteractor.swift */; };
		CB1FE7362BE880A800AD0E2D /* RoutineDetailsPresenter.swift in Sources */ = {isa = PBXBuildFile; fileRef = CB1FE7352BE880A800AD0E2D /* RoutineDetailsPresenter.swift */; };
		CB1FE7382BE880B600AD0E2D /* RoutineDetailsCoordinator.swift in Sources */ = {isa = PBXBuildFile; fileRef = CB1FE7372BE880B600AD0E2D /* RoutineDetailsCoordinator.swift */; };
		CB1FE73B2BE8910D00AD0E2D /* PomodoroAndSoundViewController.swift in Sources */ = {isa = PBXBuildFile; fileRef = CB1FE73A2BE8910D00AD0E2D /* PomodoroAndSoundViewController.swift */; };
		CB1FE73D2BE8911D00AD0E2D /* PomodoroAndSoundFactory.swift in Sources */ = {isa = PBXBuildFile; fileRef = CB1FE73C2BE8911D00AD0E2D /* PomodoroAndSoundFactory.swift */; };
		CB1FE73F2BE8916A00AD0E2D /* PomodoroAndSoundInteractor.swift in Sources */ = {isa = PBXBuildFile; fileRef = CB1FE73E2BE8916A00AD0E2D /* PomodoroAndSoundInteractor.swift */; };
		CB1FE7412BE8917200AD0E2D /* PomodoroAndSoundPresenter.swift in Sources */ = {isa = PBXBuildFile; fileRef = CB1FE7402BE8917200AD0E2D /* PomodoroAndSoundPresenter.swift */; };
		CB1FE7432BE8917C00AD0E2D /* PomodoroAndSoundCoordinator.swift in Sources */ = {isa = PBXBuildFile; fileRef = CB1FE7422BE8917C00AD0E2D /* PomodoroAndSoundCoordinator.swift */; };
		CB1FE7472BEA8C6300AD0E2D /* AudioButtonState.swift in Sources */ = {isa = PBXBuildFile; fileRef = CB1FE7462BEA8C6300AD0E2D /* AudioButtonState.swift */; };
		CB1FE74D2BEACEA700AD0E2D /* frequency.mp3 in Resources */ = {isa = PBXBuildFile; fileRef = CB1FE7492BEACEA700AD0E2D /* frequency.mp3 */; };
		CB1FE74E2BEACEA700AD0E2D /* lo-fi.mp3 in Resources */ = {isa = PBXBuildFile; fileRef = CB1FE74A2BEACEA700AD0E2D /* lo-fi.mp3 */; };
		CB1FE74F2BEACEA700AD0E2D /* nature.mp3 in Resources */ = {isa = PBXBuildFile; fileRef = CB1FE74B2BEACEA700AD0E2D /* nature.mp3 */; };
		CB1FE7502BEACEA700AD0E2D /* jazz.mp3 in Resources */ = {isa = PBXBuildFile; fileRef = CB1FE74C2BEACEA700AD0E2D /* jazz.mp3 */; };
		CB1FE7542BEAF8E200AD0E2D /* NewRoutineFactory.swift in Sources */ = {isa = PBXBuildFile; fileRef = CB1FE7532BEAF8E200AD0E2D /* NewRoutineFactory.swift */; };
		CB1FE7562BEAF8EB00AD0E2D /* NewRoutineInteractor.swift in Sources */ = {isa = PBXBuildFile; fileRef = CB1FE7552BEAF8EB00AD0E2D /* NewRoutineInteractor.swift */; };
		CB1FE7582BEAF8F700AD0E2D /* NewRoutinePresenter.swift in Sources */ = {isa = PBXBuildFile; fileRef = CB1FE7572BEAF8F700AD0E2D /* NewRoutinePresenter.swift */; };
		CB1FE75B2BEB0CB500AD0E2D /* SelectPomodoroInteractor.swift in Sources */ = {isa = PBXBuildFile; fileRef = CB1FE75A2BEB0CB500AD0E2D /* SelectPomodoroInteractor.swift */; };
		CB1FE75D2BEB0CC200AD0E2D /* SelectPomodoroPresenter.swift in Sources */ = {isa = PBXBuildFile; fileRef = CB1FE75C2BEB0CC200AD0E2D /* SelectPomodoroPresenter.swift */; };
		CB1FE75F2BEB0CD300AD0E2D /* SelectPomodoroFactory.swift in Sources */ = {isa = PBXBuildFile; fileRef = CB1FE75E2BEB0CD300AD0E2D /* SelectPomodoroFactory.swift */; };
		CB1FE7622BEB1CB400AD0E2D /* SelectBackgroundSoundInteractor.swift in Sources */ = {isa = PBXBuildFile; fileRef = CB1FE7612BEB1CB400AD0E2D /* SelectBackgroundSoundInteractor.swift */; };
		CB1FE7642BEB1CBE00AD0E2D /* SelectBackgroundSoundPresenter.swift in Sources */ = {isa = PBXBuildFile; fileRef = CB1FE7632BEB1CBE00AD0E2D /* SelectBackgroundSoundPresenter.swift */; };
		CB1FE7662BEB1CC700AD0E2D /* SelectBackgroundSoundFactory.swift in Sources */ = {isa = PBXBuildFile; fileRef = CB1FE7652BEB1CC700AD0E2D /* SelectBackgroundSoundFactory.swift */; };
		CB1FE76D2BEBB05E00AD0E2D /* EditRoutineInteractor.swift in Sources */ = {isa = PBXBuildFile; fileRef = CB1FE76C2BEBB05E00AD0E2D /* EditRoutineInteractor.swift */; };
		CB1FE76F2BEBB06E00AD0E2D /* EditRoutinePresenter.swift in Sources */ = {isa = PBXBuildFile; fileRef = CB1FE76E2BEBB06E00AD0E2D /* EditRoutinePresenter.swift */; };
		CB1FE7732BEBB08A00AD0E2D /* EditRoutineFactory.swift in Sources */ = {isa = PBXBuildFile; fileRef = CB1FE7722BEBB08A00AD0E2D /* EditRoutineFactory.swift */; };
		CB1FE7752BEC007700AD0E2D /* RankingInteractor.swift in Sources */ = {isa = PBXBuildFile; fileRef = CB1FE7742BEC007700AD0E2D /* RankingInteractor.swift */; };
		CB1FE7772BEC008100AD0E2D /* RankingPresenter.swift in Sources */ = {isa = PBXBuildFile; fileRef = CB1FE7762BEC008100AD0E2D /* RankingPresenter.swift */; };
		CB1FE7792BEC00A400AD0E2D /* RankingFactory.swift in Sources */ = {isa = PBXBuildFile; fileRef = CB1FE7782BEC00A400AD0E2D /* RankingFactory.swift */; };
		CB3799EC2BE1BF2C005A571D /* GoogleService-Info.plist in Resources */ = {isa = PBXBuildFile; fileRef = CB3799EB2BE1BF2C005A571D /* GoogleService-Info.plist */; };
		CB3865392BEC698E00C0830A /* ProfilePictureSelectionViewController.swift in Sources */ = {isa = PBXBuildFile; fileRef = CB3865382BEC698E00C0830A /* ProfilePictureSelectionViewController.swift */; };
		CB38653B2BEC6C2700C0830A /* ProfilePictureSelectionCell.swift in Sources */ = {isa = PBXBuildFile; fileRef = CB38653A2BEC6C2700C0830A /* ProfilePictureSelectionCell.swift */; };
		CB490E102A326FDA00276780 /* RoutineDetailsViewController.swift in Sources */ = {isa = PBXBuildFile; fileRef = CB490E0F2A326FDA00276780 /* RoutineDetailsViewController.swift */; };
		CB490E132A32736100276780 /* NewRoutineViewController.swift in Sources */ = {isa = PBXBuildFile; fileRef = CB490E122A32736100276780 /* NewRoutineViewController.swift */; };
		CB490E152A329B3000276780 /* SelectPomodoroViewController.swift in Sources */ = {isa = PBXBuildFile; fileRef = CB490E142A329B3000276780 /* SelectPomodoroViewController.swift */; };
		CB490E172A329E1900276780 /* SelectBackgroundSoundViewController.swift in Sources */ = {isa = PBXBuildFile; fileRef = CB490E162A329E1900276780 /* SelectBackgroundSoundViewController.swift */; };
		CB490E192A329F3100276780 /* SelectAppsToBlockViewController.swift in Sources */ = {isa = PBXBuildFile; fileRef = CB490E182A329F3100276780 /* SelectAppsToBlockViewController.swift */; };
		CB490E1B2A32A36E00276780 /* SoundCell.swift in Sources */ = {isa = PBXBuildFile; fileRef = CB490E1A2A32A36E00276780 /* SoundCell.swift */; };
		CB490E1D2A32B02900276780 /* AppCell.swift in Sources */ = {isa = PBXBuildFile; fileRef = CB490E1C2A32B02900276780 /* AppCell.swift */; };
		CB4F3B262BE3D1380011D5BF /* OnboardingRankingViewController.swift in Sources */ = {isa = PBXBuildFile; fileRef = CB4F3B252BE3D1380011D5BF /* OnboardingRankingViewController.swift */; };
		CB4F3B292BE3D6880011D5BF /* HelpViewController.swift in Sources */ = {isa = PBXBuildFile; fileRef = CB4F3B282BE3D6880011D5BF /* HelpViewController.swift */; };
		CB63CE432D9B3EFF0073A20F /* DeviceActivity.framework in Frameworks */ = {isa = PBXBuildFile; fileRef = CB63CE422D9B3EFF0073A20F /* DeviceActivity.framework */; };
		CB63CE4B2D9B3EFF0073A20F /* StudyBuddyDeviceActivityMonitor.appex in Embed Foundation Extensions */ = {isa = PBXBuildFile; fileRef = CB63CE412D9B3EFF0073A20F /* StudyBuddyDeviceActivityMonitor.appex */; settings = {ATTRIBUTES = (RemoveHeadersOnCopy, ); }; };
		CB63CE572D9B3F150073A20F /* ManagedSettings.framework in Frameworks */ = {isa = PBXBuildFile; fileRef = CB63CE562D9B3F150073A20F /* ManagedSettings.framework */; };
		CB63CE592D9B3F150073A20F /* ManagedSettingsUI.framework in Frameworks */ = {isa = PBXBuildFile; fileRef = CB63CE582D9B3F150073A20F /* ManagedSettingsUI.framework */; };
		CB63CE612D9B3F150073A20F /* StudyBuddyShieldConfiguration.appex in Embed Foundation Extensions */ = {isa = PBXBuildFile; fileRef = CB63CE552D9B3F150073A20F /* StudyBuddyShieldConfiguration.appex */; settings = {ATTRIBUTES = (RemoveHeadersOnCopy, ); }; };
		CB63CE6B2D9B3F2A0073A20F /* ManagedSettings.framework in Frameworks */ = {isa = PBXBuildFile; fileRef = CB63CE562D9B3F150073A20F /* ManagedSettings.framework */; };
		CB63CE732D9B3F2A0073A20F /* StudyBuddyShieldActionExtension.appex in Embed Foundation Extensions */ = {isa = PBXBuildFile; fileRef = CB63CE6A2D9B3F2A0073A20F /* StudyBuddyShieldActionExtension.appex */; settings = {ATTRIBUTES = (RemoveHeadersOnCopy, ); }; };
		CB63CE7A2D9B40F90073A20F /* ShieldManager.swift in Sources */ = {isa = PBXBuildFile; fileRef = CB63CE792D9B40F60073A20F /* ShieldManager.swift */; };
		CBA86EA42BD73EFA0069B024 /* ProfileViewController.swift in Sources */ = {isa = PBXBuildFile; fileRef = CBA86EA32BD73EFA0069B024 /* ProfileViewController.swift */; };
		CBA86EA62BD73F180069B024 /* AppCoordinator.swift in Sources */ = {isa = PBXBuildFile; fileRef = CBA86EA52BD73F180069B024 /* AppCoordinator.swift */; };
		CBA86EA82BD73FEC0069B024 /* Coordinator.swift in Sources */ = {isa = PBXBuildFile; fileRef = CBA86EA72BD73FEC0069B024 /* Coordinator.swift */; };
		CBA86EAA2BD7E8DD0069B024 /* MainCoordinator.swift in Sources */ = {isa = PBXBuildFile; fileRef = CBA86EA92BD7E8DD0069B024 /* MainCoordinator.swift */; };
		CBA86EAD2BD7E9190069B024 /* TabBarScene.swift in Sources */ = {isa = PBXBuildFile; fileRef = CBA86EAC2BD7E9190069B024 /* TabBarScene.swift */; };
		CBA86EAF2BD7EAB20069B024 /* ProfileCoordinator.swift in Sources */ = {isa = PBXBuildFile; fileRef = CBA86EAE2BD7EAB20069B024 /* ProfileCoordinator.swift */; };
		CBA86EB12BD7EAC30069B024 /* RoutinesCoordinator.swift in Sources */ = {isa = PBXBuildFile; fileRef = CBA86EB02BD7EAC30069B024 /* RoutinesCoordinator.swift */; };
		CBA86EBB2BD81A1B0069B024 /* RankingViewController.swift in Sources */ = {isa = PBXBuildFile; fileRef = CBA86EBA2BD81A1B0069B024 /* RankingViewController.swift */; };
		CBA86EBD2BD81F3A0069B024 /* UserOnRankingCell.swift in Sources */ = {isa = PBXBuildFile; fileRef = CBA86EBC2BD81F3A0069B024 /* UserOnRankingCell.swift */; };
		CBB30A742BD9A43400239FAC /* EditRoutineViewController.swift in Sources */ = {isa = PBXBuildFile; fileRef = CBB30A732BD9A43400239FAC /* EditRoutineViewController.swift */; };
		CBB30A772BD9CA8400239FAC /* NewUserCoordinator.swift in Sources */ = {isa = PBXBuildFile; fileRef = CBB30A762BD9CA8400239FAC /* NewUserCoordinator.swift */; };
		CBB30A792BD9CBCE00239FAC /* NewUserViewController.swift in Sources */ = {isa = PBXBuildFile; fileRef = CBB30A782BD9CBCE00239FAC /* NewUserViewController.swift */; };
		CBD033E92C3F0FB70006CEEA /* ViewController.swift in Sources */ = {isa = PBXBuildFile; fileRef = CBD033E72C3F0FB70006CEEA /* ViewController.swift */; };
		CBD033EA2C3F0FB70006CEEA /* ViewController.xib in Resources */ = {isa = PBXBuildFile; fileRef = CBD033E82C3F0FB70006CEEA /* ViewController.xib */; };
		CBEBAABC2D9B3BE400C31550 /* FirebaseCore in Frameworks */ = {isa = PBXBuildFile; productRef = CBEBAABB2D9B3BE400C31550 /* FirebaseCore */; };
		CBEBAABE2D9B3BF100C31550 /* FirebaseFirestore in Frameworks */ = {isa = PBXBuildFile; productRef = CBEBAABD2D9B3BF100C31550 /* FirebaseFirestore */; };
		CBEBAAC02D9B3C4A00C31550 /* SnapKit in Frameworks */ = {isa = PBXBuildFile; productRef = CBEBAABF2D9B3C4A00C31550 /* SnapKit */; };
		CBEFAABC2A325C5D00DA24CB /* RoutineCell.swift in Sources */ = {isa = PBXBuildFile; fileRef = CBEFAABB2A325C5D00DA24CB /* RoutineCell.swift */; };
		CBEFAAC32A325D6E00DA24CB /* Cell+Extensions.swift in Sources */ = {isa = PBXBuildFile; fileRef = CBEFAAC22A325D6E00DA24CB /* Cell+Extensions.swift */; };
/* End PBXBuildFile section */

/* Begin PBXContainerItemProxy section */
		CB178C042A16F5DF0079A20F /* PBXContainerItemProxy */ = {
			isa = PBXContainerItemProxy;
			containerPortal = CB178BE52A16F5DE0079A20F /* Project object */;
			proxyType = 1;
			remoteGlobalIDString = CB178BEC2A16F5DE0079A20F;
			remoteInfo = StudyBuddy;
		};
		CB178C0E2A16F5DF0079A20F /* PBXContainerItemProxy */ = {
			isa = PBXContainerItemProxy;
			containerPortal = CB178BE52A16F5DE0079A20F /* Project object */;
			proxyType = 1;
			remoteGlobalIDString = CB178BEC2A16F5DE0079A20F;
			remoteInfo = StudyBuddy;
		};
		CB63CE492D9B3EFF0073A20F /* PBXContainerItemProxy */ = {
			isa = PBXContainerItemProxy;
			containerPortal = CB178BE52A16F5DE0079A20F /* Project object */;
			proxyType = 1;
			remoteGlobalIDString = CB63CE402D9B3EFF0073A20F;
			remoteInfo = StudyBuddyDeviceActivityMonitor;
		};
		CB63CE5F2D9B3F150073A20F /* PBXContainerItemProxy */ = {
			isa = PBXContainerItemProxy;
			containerPortal = CB178BE52A16F5DE0079A20F /* Project object */;
			proxyType = 1;
			remoteGlobalIDString = CB63CE542D9B3F150073A20F;
			remoteInfo = StudyBuddyShieldConfiguration;
		};
		CB63CE712D9B3F2A0073A20F /* PBXContainerItemProxy */ = {
			isa = PBXContainerItemProxy;
			containerPortal = CB178BE52A16F5DE0079A20F /* Project object */;
			proxyType = 1;
			remoteGlobalIDString = CB63CE692D9B3F2A0073A20F;
			remoteInfo = StudyBuddyShieldActionExtension;
		};
/* End PBXContainerItemProxy section */

/* Begin PBXCopyFilesBuildPhase section */
		CB63CE502D9B3EFF0073A20F /* Embed Foundation Extensions */ = {
			isa = PBXCopyFilesBuildPhase;
			buildActionMask = 2147483647;
			dstPath = "";
			dstSubfolderSpec = 13;
			files = (
				CB63CE4B2D9B3EFF0073A20F /* StudyBuddyDeviceActivityMonitor.appex in Embed Foundation Extensions */,
				CB63CE612D9B3F150073A20F /* StudyBuddyShieldConfiguration.appex in Embed Foundation Extensions */,
				CB63CE732D9B3F2A0073A20F /* StudyBuddyShieldActionExtension.appex in Embed Foundation Extensions */,
			);
			name = "Embed Foundation Extensions";
			runOnlyForDeploymentPostprocessing = 0;
		};
		CBD5F7FC2D9A152C007EEEC3 /* Embed Frameworks */ = {
			isa = PBXCopyFilesBuildPhase;
			buildActionMask = 2147483647;
			dstPath = "";
			dstSubfolderSpec = 10;
			files = (
			);
			name = "Embed Frameworks";
			runOnlyForDeploymentPostprocessing = 0;
		};
/* End PBXCopyFilesBuildPhase section */

/* Begin PBXFileReference section */
		CB178BED2A16F5DE0079A20F /* StudyBuddy.app */ = {isa = PBXFileReference; explicitFileType = wrapper.application; includeInIndex = 0; path = StudyBuddy.app; sourceTree = BUILT_PRODUCTS_DIR; };
		CB178BF02A16F5DE0079A20F /* AppDelegate.swift */ = {isa = PBXFileReference; lastKnownFileType = sourcecode.swift; path = AppDelegate.swift; sourceTree = "<group>"; };
		CB178BF22A16F5DE0079A20F /* SceneDelegate.swift */ = {isa = PBXFileReference; lastKnownFileType = sourcecode.swift; path = SceneDelegate.swift; sourceTree = "<group>"; };
		CB178BF42A16F5DE0079A20F /* MainViewController.swift */ = {isa = PBXFileReference; lastKnownFileType = sourcecode.swift; path = MainViewController.swift; sourceTree = "<group>"; };
		CB178BF92A16F5DF0079A20F /* Assets.xcassets */ = {isa = PBXFileReference; lastKnownFileType = folder.assetcatalog; path = Assets.xcassets; sourceTree = "<group>"; };
		CB178BFC2A16F5DF0079A20F /* Base */ = {isa = PBXFileReference; lastKnownFileType = file.storyboard; name = Base; path = Base.lproj/LaunchScreen.storyboard; sourceTree = "<group>"; };
		CB178BFE2A16F5DF0079A20F /* Info.plist */ = {isa = PBXFileReference; lastKnownFileType = text.plist.xml; path = Info.plist; sourceTree = "<group>"; };
		CB178C032A16F5DF0079A20F /* StudyBuddyTests.xctest */ = {isa = PBXFileReference; explicitFileType = wrapper.cfbundle; includeInIndex = 0; path = StudyBuddyTests.xctest; sourceTree = BUILT_PRODUCTS_DIR; };
		CB178C072A16F5DF0079A20F /* StudyBuddyTests.swift */ = {isa = PBXFileReference; lastKnownFileType = sourcecode.swift; path = StudyBuddyTests.swift; sourceTree = "<group>"; };
		CB178C0D2A16F5DF0079A20F /* StudyBuddyUITests.xctest */ = {isa = PBXFileReference; explicitFileType = wrapper.cfbundle; includeInIndex = 0; path = StudyBuddyUITests.xctest; sourceTree = BUILT_PRODUCTS_DIR; };
		CB178C112A16F5DF0079A20F /* StudyBuddyUITests.swift */ = {isa = PBXFileReference; lastKnownFileType = sourcecode.swift; path = StudyBuddyUITests.swift; sourceTree = "<group>"; };
		CB178C132A16F5DF0079A20F /* StudyBuddyUITestsLaunchTests.swift */ = {isa = PBXFileReference; lastKnownFileType = sourcecode.swift; path = StudyBuddyUITestsLaunchTests.swift; sourceTree = "<group>"; };
		CB1F5E9F2CA4714400B170BC /* StudyBuddy.entitlements */ = {isa = PBXFileReference; lastKnownFileType = text.plist.entitlements; path = StudyBuddy.entitlements; sourceTree = "<group>"; };
		CB1FE71A2BE817A900AD0E2D /* NewUserInteractor.swift */ = {isa = PBXFileReference; lastKnownFileType = sourcecode.swift; path = NewUserInteractor.swift; sourceTree = "<group>"; };
		CB1FE71C2BE817B600AD0E2D /* NewUserPresenter.swift */ = {isa = PBXFileReference; lastKnownFileType = sourcecode.swift; path = NewUserPresenter.swift; sourceTree = "<group>"; };
		CB1FE7202BE8186600AD0E2D /* NewUserFactory.swift */ = {isa = PBXFileReference; lastKnownFileType = sourcecode.swift; path = NewUserFactory.swift; sourceTree = "<group>"; };
		CB1FE7232BE843E100AD0E2D /* MainFactory.swift */ = {isa = PBXFileReference; lastKnownFileType = sourcecode.swift; path = MainFactory.swift; sourceTree = "<group>"; };
		CB1FE7252BE8473300AD0E2D /* MainInteractor.swift */ = {isa = PBXFileReference; lastKnownFileType = sourcecode.swift; path = MainInteractor.swift; sourceTree = "<group>"; };
		CB1FE7272BE8473D00AD0E2D /* MainPresenter.swift */ = {isa = PBXFileReference; lastKnownFileType = sourcecode.swift; path = MainPresenter.swift; sourceTree = "<group>"; };
		CB1FE7292BE84DBF00AD0E2D /* ProfileInteractor.swift */ = {isa = PBXFileReference; lastKnownFileType = sourcecode.swift; path = ProfileInteractor.swift; sourceTree = "<group>"; };
		CB1FE72B2BE84DCD00AD0E2D /* ProfilePresenter.swift */ = {isa = PBXFileReference; lastKnownFileType = sourcecode.swift; path = ProfilePresenter.swift; sourceTree = "<group>"; };
		CB1FE72D2BE84F1300AD0E2D /* ProfileFactory.swift */ = {isa = PBXFileReference; lastKnownFileType = sourcecode.swift; path = ProfileFactory.swift; sourceTree = "<group>"; };
		CB1FE72F2BE8797900AD0E2D /* RoutineModel.swift */ = {isa = PBXFileReference; lastKnownFileType = sourcecode.swift; path = RoutineModel.swift; sourceTree = "<group>"; };
		CB1FE7312BE8808700AD0E2D /* RoutineDetailsFactory.swift */ = {isa = PBXFileReference; lastKnownFileType = sourcecode.swift; path = RoutineDetailsFactory.swift; sourceTree = "<group>"; };
		CB1FE7332BE8809700AD0E2D /* RoutineDetailsInteractor.swift */ = {isa = PBXFileReference; lastKnownFileType = sourcecode.swift; path = RoutineDetailsInteractor.swift; sourceTree = "<group>"; };
		CB1FE7352BE880A800AD0E2D /* RoutineDetailsPresenter.swift */ = {isa = PBXFileReference; lastKnownFileType = sourcecode.swift; path = RoutineDetailsPresenter.swift; sourceTree = "<group>"; };
		CB1FE7372BE880B600AD0E2D /* RoutineDetailsCoordinator.swift */ = {isa = PBXFileReference; lastKnownFileType = sourcecode.swift; path = RoutineDetailsCoordinator.swift; sourceTree = "<group>"; };
		CB1FE73A2BE8910D00AD0E2D /* PomodoroAndSoundViewController.swift */ = {isa = PBXFileReference; lastKnownFileType = sourcecode.swift; path = PomodoroAndSoundViewController.swift; sourceTree = "<group>"; };
		CB1FE73C2BE8911D00AD0E2D /* PomodoroAndSoundFactory.swift */ = {isa = PBXFileReference; lastKnownFileType = sourcecode.swift; path = PomodoroAndSoundFactory.swift; sourceTree = "<group>"; };
		CB1FE73E2BE8916A00AD0E2D /* PomodoroAndSoundInteractor.swift */ = {isa = PBXFileReference; lastKnownFileType = sourcecode.swift; path = PomodoroAndSoundInteractor.swift; sourceTree = "<group>"; };
		CB1FE7402BE8917200AD0E2D /* PomodoroAndSoundPresenter.swift */ = {isa = PBXFileReference; lastKnownFileType = sourcecode.swift; path = PomodoroAndSoundPresenter.swift; sourceTree = "<group>"; };
		CB1FE7422BE8917C00AD0E2D /* PomodoroAndSoundCoordinator.swift */ = {isa = PBXFileReference; lastKnownFileType = sourcecode.swift; path = PomodoroAndSoundCoordinator.swift; sourceTree = "<group>"; };
		CB1FE7462BEA8C6300AD0E2D /* AudioButtonState.swift */ = {isa = PBXFileReference; lastKnownFileType = sourcecode.swift; path = AudioButtonState.swift; sourceTree = "<group>"; };
		CB1FE7492BEACEA700AD0E2D /* frequency.mp3 */ = {isa = PBXFileReference; lastKnownFileType = audio.mp3; path = frequency.mp3; sourceTree = "<group>"; };
		CB1FE74A2BEACEA700AD0E2D /* lo-fi.mp3 */ = {isa = PBXFileReference; lastKnownFileType = audio.mp3; path = "lo-fi.mp3"; sourceTree = "<group>"; };
		CB1FE74B2BEACEA700AD0E2D /* nature.mp3 */ = {isa = PBXFileReference; lastKnownFileType = audio.mp3; path = nature.mp3; sourceTree = "<group>"; };
		CB1FE74C2BEACEA700AD0E2D /* jazz.mp3 */ = {isa = PBXFileReference; lastKnownFileType = audio.mp3; path = jazz.mp3; sourceTree = "<group>"; };
		CB1FE7532BEAF8E200AD0E2D /* NewRoutineFactory.swift */ = {isa = PBXFileReference; lastKnownFileType = sourcecode.swift; path = NewRoutineFactory.swift; sourceTree = "<group>"; };
		CB1FE7552BEAF8EB00AD0E2D /* NewRoutineInteractor.swift */ = {isa = PBXFileReference; lastKnownFileType = sourcecode.swift; path = NewRoutineInteractor.swift; sourceTree = "<group>"; };
		CB1FE7572BEAF8F700AD0E2D /* NewRoutinePresenter.swift */ = {isa = PBXFileReference; lastKnownFileType = sourcecode.swift; path = NewRoutinePresenter.swift; sourceTree = "<group>"; };
		CB1FE75A2BEB0CB500AD0E2D /* SelectPomodoroInteractor.swift */ = {isa = PBXFileReference; lastKnownFileType = sourcecode.swift; path = SelectPomodoroInteractor.swift; sourceTree = "<group>"; };
		CB1FE75C2BEB0CC200AD0E2D /* SelectPomodoroPresenter.swift */ = {isa = PBXFileReference; lastKnownFileType = sourcecode.swift; path = SelectPomodoroPresenter.swift; sourceTree = "<group>"; };
		CB1FE75E2BEB0CD300AD0E2D /* SelectPomodoroFactory.swift */ = {isa = PBXFileReference; lastKnownFileType = sourcecode.swift; path = SelectPomodoroFactory.swift; sourceTree = "<group>"; };
		CB1FE7612BEB1CB400AD0E2D /* SelectBackgroundSoundInteractor.swift */ = {isa = PBXFileReference; lastKnownFileType = sourcecode.swift; path = SelectBackgroundSoundInteractor.swift; sourceTree = "<group>"; };
		CB1FE7632BEB1CBE00AD0E2D /* SelectBackgroundSoundPresenter.swift */ = {isa = PBXFileReference; lastKnownFileType = sourcecode.swift; path = SelectBackgroundSoundPresenter.swift; sourceTree = "<group>"; };
		CB1FE7652BEB1CC700AD0E2D /* SelectBackgroundSoundFactory.swift */ = {isa = PBXFileReference; lastKnownFileType = sourcecode.swift; path = SelectBackgroundSoundFactory.swift; sourceTree = "<group>"; };
		CB1FE76C2BEBB05E00AD0E2D /* EditRoutineInteractor.swift */ = {isa = PBXFileReference; lastKnownFileType = sourcecode.swift; path = EditRoutineInteractor.swift; sourceTree = "<group>"; };
		CB1FE76E2BEBB06E00AD0E2D /* EditRoutinePresenter.swift */ = {isa = PBXFileReference; lastKnownFileType = sourcecode.swift; path = EditRoutinePresenter.swift; sourceTree = "<group>"; };
		CB1FE7722BEBB08A00AD0E2D /* EditRoutineFactory.swift */ = {isa = PBXFileReference; lastKnownFileType = sourcecode.swift; path = EditRoutineFactory.swift; sourceTree = "<group>"; };
		CB1FE7742BEC007700AD0E2D /* RankingInteractor.swift */ = {isa = PBXFileReference; lastKnownFileType = sourcecode.swift; path = RankingInteractor.swift; sourceTree = "<group>"; };
		CB1FE7762BEC008100AD0E2D /* RankingPresenter.swift */ = {isa = PBXFileReference; lastKnownFileType = sourcecode.swift; path = RankingPresenter.swift; sourceTree = "<group>"; };
		CB1FE7782BEC00A400AD0E2D /* RankingFactory.swift */ = {isa = PBXFileReference; lastKnownFileType = sourcecode.swift; path = RankingFactory.swift; sourceTree = "<group>"; };
		CB3799EB2BE1BF2C005A571D /* GoogleService-Info.plist */ = {isa = PBXFileReference; fileEncoding = 4; lastKnownFileType = text.plist.xml; path = "GoogleService-Info.plist"; sourceTree = "<group>"; };
		CB3865382BEC698E00C0830A /* ProfilePictureSelectionViewController.swift */ = {isa = PBXFileReference; lastKnownFileType = sourcecode.swift; path = ProfilePictureSelectionViewController.swift; sourceTree = "<group>"; };
		CB38653A2BEC6C2700C0830A /* ProfilePictureSelectionCell.swift */ = {isa = PBXFileReference; lastKnownFileType = sourcecode.swift; path = ProfilePictureSelectionCell.swift; sourceTree = "<group>"; };
		CB490E0F2A326FDA00276780 /* RoutineDetailsViewController.swift */ = {isa = PBXFileReference; lastKnownFileType = sourcecode.swift; path = RoutineDetailsViewController.swift; sourceTree = "<group>"; };
		CB490E122A32736100276780 /* NewRoutineViewController.swift */ = {isa = PBXFileReference; lastKnownFileType = sourcecode.swift; path = NewRoutineViewController.swift; sourceTree = "<group>"; };
		CB490E142A329B3000276780 /* SelectPomodoroViewController.swift */ = {isa = PBXFileReference; lastKnownFileType = sourcecode.swift; path = SelectPomodoroViewController.swift; sourceTree = "<group>"; };
		CB490E162A329E1900276780 /* SelectBackgroundSoundViewController.swift */ = {isa = PBXFileReference; lastKnownFileType = sourcecode.swift; path = SelectBackgroundSoundViewController.swift; sourceTree = "<group>"; };
		CB490E182A329F3100276780 /* SelectAppsToBlockViewController.swift */ = {isa = PBXFileReference; lastKnownFileType = sourcecode.swift; path = SelectAppsToBlockViewController.swift; sourceTree = "<group>"; };
		CB490E1A2A32A36E00276780 /* SoundCell.swift */ = {isa = PBXFileReference; lastKnownFileType = sourcecode.swift; path = SoundCell.swift; sourceTree = "<group>"; };
		CB490E1C2A32B02900276780 /* AppCell.swift */ = {isa = PBXFileReference; lastKnownFileType = sourcecode.swift; path = AppCell.swift; sourceTree = "<group>"; };
		CB4F3B252BE3D1380011D5BF /* OnboardingRankingViewController.swift */ = {isa = PBXFileReference; lastKnownFileType = sourcecode.swift; path = OnboardingRankingViewController.swift; sourceTree = "<group>"; };
		CB4F3B282BE3D6880011D5BF /* HelpViewController.swift */ = {isa = PBXFileReference; lastKnownFileType = sourcecode.swift; path = HelpViewController.swift; sourceTree = "<group>"; };
		CB510DCD2A336C390092147D /* TextField+Extensions.swift */ = {isa = PBXFileReference; lastKnownFileType = sourcecode.swift; path = "TextField+Extensions.swift"; sourceTree = "<group>"; };
		CB63CE412D9B3EFF0073A20F /* StudyBuddyDeviceActivityMonitor.appex */ = {isa = PBXFileReference; explicitFileType = "wrapper.app-extension"; includeInIndex = 0; path = StudyBuddyDeviceActivityMonitor.appex; sourceTree = BUILT_PRODUCTS_DIR; };
		CB63CE422D9B3EFF0073A20F /* DeviceActivity.framework */ = {isa = PBXFileReference; lastKnownFileType = wrapper.framework; name = DeviceActivity.framework; path = System/Library/Frameworks/DeviceActivity.framework; sourceTree = SDKROOT; };
		CB63CE552D9B3F150073A20F /* StudyBuddyShieldConfiguration.appex */ = {isa = PBXFileReference; explicitFileType = "wrapper.app-extension"; includeInIndex = 0; path = StudyBuddyShieldConfiguration.appex; sourceTree = BUILT_PRODUCTS_DIR; };
		CB63CE562D9B3F150073A20F /* ManagedSettings.framework */ = {isa = PBXFileReference; lastKnownFileType = wrapper.framework; name = ManagedSettings.framework; path = System/Library/Frameworks/ManagedSettings.framework; sourceTree = SDKROOT; };
		CB63CE582D9B3F150073A20F /* ManagedSettingsUI.framework */ = {isa = PBXFileReference; lastKnownFileType = wrapper.framework; name = ManagedSettingsUI.framework; path = System/Library/Frameworks/ManagedSettingsUI.framework; sourceTree = SDKROOT; };
		CB63CE6A2D9B3F2A0073A20F /* StudyBuddyShieldActionExtension.appex */ = {isa = PBXFileReference; explicitFileType = "wrapper.app-extension"; includeInIndex = 0; path = StudyBuddyShieldActionExtension.appex; sourceTree = BUILT_PRODUCTS_DIR; };
		CB63CE792D9B40F60073A20F /* ShieldManager.swift */ = {isa = PBXFileReference; lastKnownFileType = sourcecode.swift; path = ShieldManager.swift; sourceTree = "<group>"; };
		CBA86EA32BD73EFA0069B024 /* ProfileViewController.swift */ = {isa = PBXFileReference; lastKnownFileType = sourcecode.swift; path = ProfileViewController.swift; sourceTree = "<group>"; };
		CBA86EA52BD73F180069B024 /* AppCoordinator.swift */ = {isa = PBXFileReference; lastKnownFileType = sourcecode.swift; path = AppCoordinator.swift; sourceTree = "<group>"; };
		CBA86EA72BD73FEC0069B024 /* Coordinator.swift */ = {isa = PBXFileReference; lastKnownFileType = sourcecode.swift; path = Coordinator.swift; sourceTree = "<group>"; };
		CBA86EA92BD7E8DD0069B024 /* MainCoordinator.swift */ = {isa = PBXFileReference; lastKnownFileType = sourcecode.swift; path = MainCoordinator.swift; sourceTree = "<group>"; };
		CBA86EAC2BD7E9190069B024 /* TabBarScene.swift */ = {isa = PBXFileReference; lastKnownFileType = sourcecode.swift; path = TabBarScene.swift; sourceTree = "<group>"; };
		CBA86EAE2BD7EAB20069B024 /* ProfileCoordinator.swift */ = {isa = PBXFileReference; lastKnownFileType = sourcecode.swift; path = ProfileCoordinator.swift; sourceTree = "<group>"; };
		CBA86EB02BD7EAC30069B024 /* RoutinesCoordinator.swift */ = {isa = PBXFileReference; lastKnownFileType = sourcecode.swift; path = RoutinesCoordinator.swift; sourceTree = "<group>"; };
		CBA86EBA2BD81A1B0069B024 /* RankingViewController.swift */ = {isa = PBXFileReference; lastKnownFileType = sourcecode.swift; path = RankingViewController.swift; sourceTree = "<group>"; };
		CBA86EBC2BD81F3A0069B024 /* UserOnRankingCell.swift */ = {isa = PBXFileReference; lastKnownFileType = sourcecode.swift; path = UserOnRankingCell.swift; sourceTree = "<group>"; };
		CBB30A732BD9A43400239FAC /* EditRoutineViewController.swift */ = {isa = PBXFileReference; lastKnownFileType = sourcecode.swift; path = EditRoutineViewController.swift; sourceTree = "<group>"; };
		CBB30A762BD9CA8400239FAC /* NewUserCoordinator.swift */ = {isa = PBXFileReference; lastKnownFileType = sourcecode.swift; path = NewUserCoordinator.swift; sourceTree = "<group>"; };
		CBB30A782BD9CBCE00239FAC /* NewUserViewController.swift */ = {isa = PBXFileReference; lastKnownFileType = sourcecode.swift; path = NewUserViewController.swift; sourceTree = "<group>"; };
		CBD033E72C3F0FB70006CEEA /* ViewController.swift */ = {isa = PBXFileReference; lastKnownFileType = sourcecode.swift; path = ViewController.swift; sourceTree = "<group>"; };
		CBD033E82C3F0FB70006CEEA /* ViewController.xib */ = {isa = PBXFileReference; lastKnownFileType = file.xib; path = ViewController.xib; sourceTree = "<group>"; };
		CBEFAABB2A325C5D00DA24CB /* RoutineCell.swift */ = {isa = PBXFileReference; lastKnownFileType = sourcecode.swift; path = RoutineCell.swift; sourceTree = "<group>"; };
		CBEFAAC22A325D6E00DA24CB /* Cell+Extensions.swift */ = {isa = PBXFileReference; lastKnownFileType = sourcecode.swift; path = "Cell+Extensions.swift"; sourceTree = "<group>"; };
/* End PBXFileReference section */

/* Begin PBXFileSystemSynchronizedBuildFileExceptionSet section */
		CB63CE4C2D9B3EFF0073A20F /* PBXFileSystemSynchronizedBuildFileExceptionSet */ = {
			isa = PBXFileSystemSynchronizedBuildFileExceptionSet;
			membershipExceptions = (
				Info.plist,
			);
			target = CB63CE402D9B3EFF0073A20F /* StudyBuddyDeviceActivityMonitor */;
		};
		CB63CE622D9B3F150073A20F /* PBXFileSystemSynchronizedBuildFileExceptionSet */ = {
			isa = PBXFileSystemSynchronizedBuildFileExceptionSet;
			membershipExceptions = (
				Info.plist,
			);
			target = CB63CE542D9B3F150073A20F /* StudyBuddyShieldConfiguration */;
		};
		CB63CE742D9B3F2A0073A20F /* PBXFileSystemSynchronizedBuildFileExceptionSet */ = {
			isa = PBXFileSystemSynchronizedBuildFileExceptionSet;
			membershipExceptions = (
				Info.plist,
			);
			target = CB63CE692D9B3F2A0073A20F /* StudyBuddyShieldActionExtension */;
		};
/* End PBXFileSystemSynchronizedBuildFileExceptionSet section */

/* Begin PBXFileSystemSynchronizedRootGroup section */
		CB63CE442D9B3EFF0073A20F /* StudyBuddyDeviceActivityMonitor */ = {isa = PBXFileSystemSynchronizedRootGroup; exceptions = (CB63CE4C2D9B3EFF0073A20F /* PBXFileSystemSynchronizedBuildFileExceptionSet */, ); explicitFileTypes = {}; explicitFolders = (); path = StudyBuddyDeviceActivityMonitor; sourceTree = "<group>"; };
		CB63CE5A2D9B3F150073A20F /* StudyBuddyShieldConfiguration */ = {isa = PBXFileSystemSynchronizedRootGroup; exceptions = (CB63CE622D9B3F150073A20F /* PBXFileSystemSynchronizedBuildFileExceptionSet */, ); explicitFileTypes = {}; explicitFolders = (); path = StudyBuddyShieldConfiguration; sourceTree = "<group>"; };
		CB63CE6C2D9B3F2A0073A20F /* StudyBuddyShieldActionExtension */ = {isa = PBXFileSystemSynchronizedRootGroup; exceptions = (CB63CE742D9B3F2A0073A20F /* PBXFileSystemSynchronizedBuildFileExceptionSet */, ); explicitFileTypes = {}; explicitFolders = (); path = StudyBuddyShieldActionExtension; sourceTree = "<group>"; };
/* End PBXFileSystemSynchronizedRootGroup section */

/* Begin PBXFrameworksBuildPhase section */
		CB178C002A16F5DF0079A20F /* Frameworks */ = {
			isa = PBXFrameworksBuildPhase;
			buildActionMask = 2147483647;
			files = (
			);
			runOnlyForDeploymentPostprocessing = 0;
		};
		CB178C0A2A16F5DF0079A20F /* Frameworks */ = {
			isa = PBXFrameworksBuildPhase;
			buildActionMask = 2147483647;
			files = (
			);
			runOnlyForDeploymentPostprocessing = 0;
		};
		CB63CE3E2D9B3EFF0073A20F /* Frameworks */ = {
			isa = PBXFrameworksBuildPhase;
			buildActionMask = 2147483647;
			files = (
				CB63CE432D9B3EFF0073A20F /* DeviceActivity.framework in Frameworks */,
			);
			runOnlyForDeploymentPostprocessing = 0;
		};
		CB63CE522D9B3F150073A20F /* Frameworks */ = {
			isa = PBXFrameworksBuildPhase;
			buildActionMask = 2147483647;
			files = (
				CB63CE572D9B3F150073A20F /* ManagedSettings.framework in Frameworks */,
				CB63CE592D9B3F150073A20F /* ManagedSettingsUI.framework in Frameworks */,
			);
			runOnlyForDeploymentPostprocessing = 0;
		};
		CB63CE672D9B3F2A0073A20F /* Frameworks */ = {
			isa = PBXFrameworksBuildPhase;
			buildActionMask = 2147483647;
			files = (
				CB63CE6B2D9B3F2A0073A20F /* ManagedSettings.framework in Frameworks */,
			);
			runOnlyForDeploymentPostprocessing = 0;
		};
		CBEBAABA2D9B3BCE00C31550 /* Frameworks */ = {
			isa = PBXFrameworksBuildPhase;
			buildActionMask = 2147483647;
			files = (
				CBEBAAC02D9B3C4A00C31550 /* SnapKit in Frameworks */,
				CBEBAABC2D9B3BE400C31550 /* FirebaseCore in Frameworks */,
				CBEBAABE2D9B3BF100C31550 /* FirebaseFirestore in Frameworks */,
			);
			runOnlyForDeploymentPostprocessing = 0;
		};
/* End PBXFrameworksBuildPhase section */

/* Begin PBXGroup section */
		CB178BE42A16F5DE0079A20F = {
			isa = PBXGroup;
			children = (
				CB178BEF2A16F5DE0079A20F /* StudyBuddy */,
				CB178C062A16F5DF0079A20F /* StudyBuddyTests */,
				CB178C102A16F5DF0079A20F /* StudyBuddyUITests */,
				CB63CE442D9B3EFF0073A20F /* StudyBuddyDeviceActivityMonitor */,
				CB63CE5A2D9B3F150073A20F /* StudyBuddyShieldConfiguration */,
				CB63CE6C2D9B3F2A0073A20F /* StudyBuddyShieldActionExtension */,
				CBD5F7F72D9A152C007EEEC3 /* Frameworks */,
				CB178BEE2A16F5DE0079A20F /* Products */,
			);
			sourceTree = "<group>";
		};
		CB178BEE2A16F5DE0079A20F /* Products */ = {
			isa = PBXGroup;
			children = (
				CB178BED2A16F5DE0079A20F /* StudyBuddy.app */,
				CB178C032A16F5DF0079A20F /* StudyBuddyTests.xctest */,
				CB178C0D2A16F5DF0079A20F /* StudyBuddyUITests.xctest */,
				CB63CE412D9B3EFF0073A20F /* StudyBuddyDeviceActivityMonitor.appex */,
				CB63CE552D9B3F150073A20F /* StudyBuddyShieldConfiguration.appex */,
				CB63CE6A2D9B3F2A0073A20F /* StudyBuddyShieldActionExtension.appex */,
			);
			name = Products;
			sourceTree = "<group>";
		};
		CB178BEF2A16F5DE0079A20F /* StudyBuddy */ = {
			isa = PBXGroup;
			children = (
				CB63CE782D9B40EC0073A20F /* ScreenTimeAPI */,
				CB1F5E9F2CA4714400B170BC /* StudyBuddy.entitlements */,
				CB3799EB2BE1BF2C005A571D /* GoogleService-Info.plist */,
				CB178BFE2A16F5DF0079A20F /* Info.plist */,
				CBA86EB42BD7ED1F0069B024 /* Common */,
				CBA86EB32BD7EC890069B024 /* Application */,
				CBA86EB22BD7EC680069B024 /* Scenes */,
				CBA86EAB2BD7E8FE0069B024 /* Helpers */,
				CBEFAAC12A325D5500DA24CB /* Extensions */,
			);
			path = StudyBuddy;
			sourceTree = "<group>";
		};
		CB178C062A16F5DF0079A20F /* StudyBuddyTests */ = {
			isa = PBXGroup;
			children = (
				CB178C072A16F5DF0079A20F /* StudyBuddyTests.swift */,
			);
			path = StudyBuddyTests;
			sourceTree = "<group>";
		};
		CB178C102A16F5DF0079A20F /* StudyBuddyUITests */ = {
			isa = PBXGroup;
			children = (
				CB178C112A16F5DF0079A20F /* StudyBuddyUITests.swift */,
				CB178C132A16F5DF0079A20F /* StudyBuddyUITestsLaunchTests.swift */,
			);
			path = StudyBuddyUITests;
			sourceTree = "<group>";
		};
		CB1FE7222BE843C400AD0E2D /* Main */ = {
			isa = PBXGroup;
			children = (
				CBEFAABA2A325C1F00DA24CB /* RoutineCell */,
				CB1FE72F2BE8797900AD0E2D /* RoutineModel.swift */,
				CBA86EB02BD7EAC30069B024 /* RoutinesCoordinator.swift */,
				CB178BF42A16F5DE0079A20F /* MainViewController.swift */,
				CB1FE7232BE843E100AD0E2D /* MainFactory.swift */,
				CB1FE7252BE8473300AD0E2D /* MainInteractor.swift */,
				CB1FE7272BE8473D00AD0E2D /* MainPresenter.swift */,
			);
			path = Main;
			sourceTree = "<group>";
		};
		CB1FE7392BE890E200AD0E2D /* PomodoroAndSound */ = {
			isa = PBXGroup;
			children = (
				CB1FE73A2BE8910D00AD0E2D /* PomodoroAndSoundViewController.swift */,
				CB1FE73C2BE8911D00AD0E2D /* PomodoroAndSoundFactory.swift */,
				CB1FE73E2BE8916A00AD0E2D /* PomodoroAndSoundInteractor.swift */,
				CB1FE7402BE8917200AD0E2D /* PomodoroAndSoundPresenter.swift */,
				CB1FE7422BE8917C00AD0E2D /* PomodoroAndSoundCoordinator.swift */,
				CB1FE7462BEA8C6300AD0E2D /* AudioButtonState.swift */,
			);
			path = PomodoroAndSound;
			sourceTree = "<group>";
		};
		CB1FE7482BEACE9A00AD0E2D /* Audio */ = {
			isa = PBXGroup;
			children = (
				CB1FE7492BEACEA700AD0E2D /* frequency.mp3 */,
				CB1FE74C2BEACEA700AD0E2D /* jazz.mp3 */,
				CB1FE74A2BEACEA700AD0E2D /* lo-fi.mp3 */,
				CB1FE74B2BEACEA700AD0E2D /* nature.mp3 */,
			);
			path = Audio;
			sourceTree = "<group>";
		};
		CB1FE7512BEAF87C00AD0E2D /* Details */ = {
			isa = PBXGroup;
			children = (
				CB1FE7372BE880B600AD0E2D /* RoutineDetailsCoordinator.swift */,
				CB1FE7352BE880A800AD0E2D /* RoutineDetailsPresenter.swift */,
				CB1FE7332BE8809700AD0E2D /* RoutineDetailsInteractor.swift */,
				CB1FE7312BE8808700AD0E2D /* RoutineDetailsFactory.swift */,
				CB490E0F2A326FDA00276780 /* RoutineDetailsViewController.swift */,
			);
			path = Details;
			sourceTree = "<group>";
		};
		CB1FE7522BEAF8A100AD0E2D /* New */ = {
			isa = PBXGroup;
			children = (
				CB490E122A32736100276780 /* NewRoutineViewController.swift */,
				CB1FE7532BEAF8E200AD0E2D /* NewRoutineFactory.swift */,
				CB1FE7552BEAF8EB00AD0E2D /* NewRoutineInteractor.swift */,
				CB1FE7572BEAF8F700AD0E2D /* NewRoutinePresenter.swift */,
			);
			path = New;
			sourceTree = "<group>";
		};
		CB1FE7592BEB0C6500AD0E2D /* SelectPomodoro */ = {
			isa = PBXGroup;
			children = (
				CB490E142A329B3000276780 /* SelectPomodoroViewController.swift */,
				CB1FE75A2BEB0CB500AD0E2D /* SelectPomodoroInteractor.swift */,
				CB1FE75C2BEB0CC200AD0E2D /* SelectPomodoroPresenter.swift */,
				CB1FE75E2BEB0CD300AD0E2D /* SelectPomodoroFactory.swift */,
			);
			path = SelectPomodoro;
			sourceTree = "<group>";
		};
		CB1FE7602BEB1C1100AD0E2D /* SelectAudio */ = {
			isa = PBXGroup;
			children = (
				CB490E1A2A32A36E00276780 /* SoundCell.swift */,
				CB490E162A329E1900276780 /* SelectBackgroundSoundViewController.swift */,
				CB1FE7612BEB1CB400AD0E2D /* SelectBackgroundSoundInteractor.swift */,
				CB1FE7632BEB1CBE00AD0E2D /* SelectBackgroundSoundPresenter.swift */,
				CB1FE7652BEB1CC700AD0E2D /* SelectBackgroundSoundFactory.swift */,
			);
			path = SelectAudio;
			sourceTree = "<group>";
		};
		CB1FE76B2BEB36F400AD0E2D /* SelectApps */ = {
			isa = PBXGroup;
			children = (
				CB490E1C2A32B02900276780 /* AppCell.swift */,
				CB490E182A329F3100276780 /* SelectAppsToBlockViewController.swift */,
			);
			path = SelectApps;
			sourceTree = "<group>";
		};
		CB1FE77A2BEC00BB00AD0E2D /* Cell */ = {
			isa = PBXGroup;
			children = (
				CBA86EBC2BD81F3A0069B024 /* UserOnRankingCell.swift */,
			);
			path = Cell;
			sourceTree = "<group>";
		};
		CB38653C2BEC6C2D00C0830A /* PictureSelection */ = {
			isa = PBXGroup;
			children = (
				CB3865382BEC698E00C0830A /* ProfilePictureSelectionViewController.swift */,
				CB38653A2BEC6C2700C0830A /* ProfilePictureSelectionCell.swift */,
			);
			path = PictureSelection;
			sourceTree = "<group>";
		};
		CB490E112A32735000276780 /* Edit */ = {
			isa = PBXGroup;
			children = (
				CBB30A732BD9A43400239FAC /* EditRoutineViewController.swift */,
				CB1FE76C2BEBB05E00AD0E2D /* EditRoutineInteractor.swift */,
				CB1FE76E2BEBB06E00AD0E2D /* EditRoutinePresenter.swift */,
				CB1FE7722BEBB08A00AD0E2D /* EditRoutineFactory.swift */,
			);
			path = Edit;
			sourceTree = "<group>";
		};
		CB4F3B222BE3D0FD0011D5BF /* Onboarding */ = {
			isa = PBXGroup;
			children = (
				CB4F3B252BE3D1380011D5BF /* OnboardingRankingViewController.swift */,
			);
			path = Onboarding;
			sourceTree = "<group>";
		};
		CB4F3B272BE3D6590011D5BF /* Help */ = {
			isa = PBXGroup;
			children = (
				CB4F3B282BE3D6880011D5BF /* HelpViewController.swift */,
			);
			path = Help;
			sourceTree = "<group>";
		};
		CB63CE782D9B40EC0073A20F /* ScreenTimeAPI */ = {
			isa = PBXGroup;
			children = (
				CB63CE792D9B40F60073A20F /* ShieldManager.swift */,
			);
			path = ScreenTimeAPI;
			sourceTree = "<group>";
		};
		CBA86EA12BD73ED30069B024 /* Routines */ = {
			isa = PBXGroup;
			children = (
				CB1FE76B2BEB36F400AD0E2D /* SelectApps */,
				CB1FE7602BEB1C1100AD0E2D /* SelectAudio */,
				CB1FE7592BEB0C6500AD0E2D /* SelectPomodoro */,
				CB1FE7522BEAF8A100AD0E2D /* New */,
				CB1FE7512BEAF87C00AD0E2D /* Details */,
				CB490E112A32735000276780 /* Edit */,
			);
			path = Routines;
			sourceTree = "<group>";
		};
		CBA86EA22BD73EE00069B024 /* Profile */ = {
			isa = PBXGroup;
			children = (
				CB38653C2BEC6C2D00C0830A /* PictureSelection */,
				CBA86EA32BD73EFA0069B024 /* ProfileViewController.swift */,
				CBA86EAE2BD7EAB20069B024 /* ProfileCoordinator.swift */,
				CB1FE7292BE84DBF00AD0E2D /* ProfileInteractor.swift */,
				CB1FE72B2BE84DCD00AD0E2D /* ProfilePresenter.swift */,
				CB1FE72D2BE84F1300AD0E2D /* ProfileFactory.swift */,
			);
			path = Profile;
			sourceTree = "<group>";
		};
		CBA86EAB2BD7E8FE0069B024 /* Helpers */ = {
			isa = PBXGroup;
			children = (
				CBA86EA72BD73FEC0069B024 /* Coordinator.swift */,
				CBA86EAC2BD7E9190069B024 /* TabBarScene.swift */,
			);
			path = Helpers;
			sourceTree = "<group>";
		};
		CBA86EB22BD7EC680069B024 /* Scenes */ = {
			isa = PBXGroup;
			children = (
				CBA86EA92BD7E8DD0069B024 /* MainCoordinator.swift */,
				CB1FE7392BE890E200AD0E2D /* PomodoroAndSound */,
				CB1FE7222BE843C400AD0E2D /* Main */,
				CB4F3B272BE3D6590011D5BF /* Help */,
				CB4F3B222BE3D0FD0011D5BF /* Onboarding */,
				CBB30A752BD9CA7900239FAC /* NewUser */,
				CBA86EB92BD81A0D0069B024 /* Ranking */,
				CBA86EA22BD73EE00069B024 /* Profile */,
				CBA86EA12BD73ED30069B024 /* Routines */,
			);
			path = Scenes;
			sourceTree = "<group>";
		};
		CBA86EB32BD7EC890069B024 /* Application */ = {
			isa = PBXGroup;
			children = (
				CB178BF02A16F5DE0079A20F /* AppDelegate.swift */,
				CB178BF22A16F5DE0079A20F /* SceneDelegate.swift */,
				CBA86EA52BD73F180069B024 /* AppCoordinator.swift */,
				CBD033E72C3F0FB70006CEEA /* ViewController.swift */,
				CBD033E82C3F0FB70006CEEA /* ViewController.xib */,
			);
			path = Application;
			sourceTree = "<group>";
		};
		CBA86EB42BD7ED1F0069B024 /* Common */ = {
			isa = PBXGroup;
			children = (
				CB1FE7482BEACE9A00AD0E2D /* Audio */,
				CB178BF92A16F5DF0079A20F /* Assets.xcassets */,
				CB178BFB2A16F5DF0079A20F /* LaunchScreen.storyboard */,
			);
			path = Common;
			sourceTree = "<group>";
		};
		CBA86EB92BD81A0D0069B024 /* Ranking */ = {
			isa = PBXGroup;
			children = (
				CB1FE77A2BEC00BB00AD0E2D /* Cell */,
				CBA86EBA2BD81A1B0069B024 /* RankingViewController.swift */,
				CB1FE7742BEC007700AD0E2D /* RankingInteractor.swift */,
				CB1FE7762BEC008100AD0E2D /* RankingPresenter.swift */,
				CB1FE7782BEC00A400AD0E2D /* RankingFactory.swift */,
			);
			path = Ranking;
			sourceTree = "<group>";
		};
		CBB30A752BD9CA7900239FAC /* NewUser */ = {
			isa = PBXGroup;
			children = (
				CBB30A762BD9CA8400239FAC /* NewUserCoordinator.swift */,
				CBB30A782BD9CBCE00239FAC /* NewUserViewController.swift */,
				CB1FE71A2BE817A900AD0E2D /* NewUserInteractor.swift */,
				CB1FE71C2BE817B600AD0E2D /* NewUserPresenter.swift */,
				CB1FE7202BE8186600AD0E2D /* NewUserFactory.swift */,
			);
			path = NewUser;
			sourceTree = "<group>";
		};
		CBD5F7F72D9A152C007EEEC3 /* Frameworks */ = {
			isa = PBXGroup;
			children = (
				CB63CE422D9B3EFF0073A20F /* DeviceActivity.framework */,
				CB63CE562D9B3F150073A20F /* ManagedSettings.framework */,
				CB63CE582D9B3F150073A20F /* ManagedSettingsUI.framework */,
			);
			name = Frameworks;
			sourceTree = "<group>";
		};
		CBEFAABA2A325C1F00DA24CB /* RoutineCell */ = {
			isa = PBXGroup;
			children = (
				CBEFAABB2A325C5D00DA24CB /* RoutineCell.swift */,
			);
			path = RoutineCell;
			sourceTree = "<group>";
		};
		CBEFAAC12A325D5500DA24CB /* Extensions */ = {
			isa = PBXGroup;
			children = (
				CBEFAAC22A325D6E00DA24CB /* Cell+Extensions.swift */,
				CB510DCD2A336C390092147D /* TextField+Extensions.swift */,
			);
			path = Extensions;
			sourceTree = "<group>";
		};
/* End PBXGroup section */

/* Begin PBXNativeTarget section */
		CB178BEC2A16F5DE0079A20F /* StudyBuddy */ = {
			isa = PBXNativeTarget;
			buildConfigurationList = CB178C172A16F5DF0079A20F /* Build configuration list for PBXNativeTarget "StudyBuddy" */;
			buildPhases = (
				CB178BE92A16F5DE0079A20F /* Sources */,
				CB178BEB2A16F5DE0079A20F /* Resources */,
				CBD5F7FC2D9A152C007EEEC3 /* Embed Frameworks */,
				CBEBAABA2D9B3BCE00C31550 /* Frameworks */,
				CB63CE502D9B3EFF0073A20F /* Embed Foundation Extensions */,
			);
			buildRules = (
			);
			dependencies = (
				CB63CE4A2D9B3EFF0073A20F /* PBXTargetDependency */,
				CB63CE602D9B3F150073A20F /* PBXTargetDependency */,
				CB63CE722D9B3F2A0073A20F /* PBXTargetDependency */,
			);
			name = StudyBuddy;
			productName = StudyBuddy;
			productReference = CB178BED2A16F5DE0079A20F /* StudyBuddy.app */;
			productType = "com.apple.product-type.application";
		};
		CB178C022A16F5DF0079A20F /* StudyBuddyTests */ = {
			isa = PBXNativeTarget;
			buildConfigurationList = CB178C1A2A16F5DF0079A20F /* Build configuration list for PBXNativeTarget "StudyBuddyTests" */;
			buildPhases = (
				CB178BFF2A16F5DF0079A20F /* Sources */,
				CB178C002A16F5DF0079A20F /* Frameworks */,
				CB178C012A16F5DF0079A20F /* Resources */,
			);
			buildRules = (
			);
			dependencies = (
				CB178C052A16F5DF0079A20F /* PBXTargetDependency */,
			);
			name = StudyBuddyTests;
			productName = StudyBuddyTests;
			productReference = CB178C032A16F5DF0079A20F /* StudyBuddyTests.xctest */;
			productType = "com.apple.product-type.bundle.unit-test";
		};
		CB178C0C2A16F5DF0079A20F /* StudyBuddyUITests */ = {
			isa = PBXNativeTarget;
			buildConfigurationList = CB178C1D2A16F5DF0079A20F /* Build configuration list for PBXNativeTarget "StudyBuddyUITests" */;
			buildPhases = (
				CB178C092A16F5DF0079A20F /* Sources */,
				CB178C0A2A16F5DF0079A20F /* Frameworks */,
				CB178C0B2A16F5DF0079A20F /* Resources */,
			);
			buildRules = (
			);
			dependencies = (
				CB178C0F2A16F5DF0079A20F /* PBXTargetDependency */,
			);
			name = StudyBuddyUITests;
			productName = StudyBuddyUITests;
			productReference = CB178C0D2A16F5DF0079A20F /* StudyBuddyUITests.xctest */;
			productType = "com.apple.product-type.bundle.ui-testing";
		};
		CB63CE402D9B3EFF0073A20F /* StudyBuddyDeviceActivityMonitor */ = {
			isa = PBXNativeTarget;
			buildConfigurationList = CB63CE4D2D9B3EFF0073A20F /* Build configuration list for PBXNativeTarget "StudyBuddyDeviceActivityMonitor" */;
			buildPhases = (
				CB63CE3D2D9B3EFF0073A20F /* Sources */,
				CB63CE3E2D9B3EFF0073A20F /* Frameworks */,
				CB63CE3F2D9B3EFF0073A20F /* Resources */,
			);
			buildRules = (
			);
			dependencies = (
			);
			fileSystemSynchronizedGroups = (
				CB63CE442D9B3EFF0073A20F /* StudyBuddyDeviceActivityMonitor */,
			);
			name = StudyBuddyDeviceActivityMonitor;
			packageProductDependencies = (
			);
			productName = StudyBuddyDeviceActivityMonitor;
			productReference = CB63CE412D9B3EFF0073A20F /* StudyBuddyDeviceActivityMonitor.appex */;
			productType = "com.apple.product-type.app-extension";
		};
		CB63CE542D9B3F150073A20F /* StudyBuddyShieldConfiguration */ = {
			isa = PBXNativeTarget;
			buildConfigurationList = CB63CE632D9B3F150073A20F /* Build configuration list for PBXNativeTarget "StudyBuddyShieldConfiguration" */;
			buildPhases = (
				CB63CE512D9B3F150073A20F /* Sources */,
				CB63CE522D9B3F150073A20F /* Frameworks */,
				CB63CE532D9B3F150073A20F /* Resources */,
			);
			buildRules = (
			);
			dependencies = (
			);
			fileSystemSynchronizedGroups = (
				CB63CE5A2D9B3F150073A20F /* StudyBuddyShieldConfiguration */,
			);
			name = StudyBuddyShieldConfiguration;
			packageProductDependencies = (
			);
			productName = StudyBuddyShieldConfiguration;
			productReference = CB63CE552D9B3F150073A20F /* StudyBuddyShieldConfiguration.appex */;
			productType = "com.apple.product-type.app-extension";
		};
		CB63CE692D9B3F2A0073A20F /* StudyBuddyShieldActionExtension */ = {
			isa = PBXNativeTarget;
			buildConfigurationList = CB63CE752D9B3F2A0073A20F /* Build configuration list for PBXNativeTarget "StudyBuddyShieldActionExtension" */;
			buildPhases = (
				CB63CE662D9B3F2A0073A20F /* Sources */,
				CB63CE672D9B3F2A0073A20F /* Frameworks */,
				CB63CE682D9B3F2A0073A20F /* Resources */,
			);
			buildRules = (
			);
			dependencies = (
			);
			fileSystemSynchronizedGroups = (
				CB63CE6C2D9B3F2A0073A20F /* StudyBuddyShieldActionExtension */,
			);
			name = StudyBuddyShieldActionExtension;
			packageProductDependencies = (
			);
			productName = StudyBuddyShieldActionExtension;
			productReference = CB63CE6A2D9B3F2A0073A20F /* StudyBuddyShieldActionExtension.appex */;
			productType = "com.apple.product-type.app-extension";
		};
/* End PBXNativeTarget section */

/* Begin PBXProject section */
		CB178BE52A16F5DE0079A20F /* Project object */ = {
			isa = PBXProject;
			attributes = {
				BuildIndependentTargetsInParallel = 1;
				LastSwiftUpdateCheck = 1600;
				LastUpgradeCheck = 1420;
				TargetAttributes = {
					CB178BEC2A16F5DE0079A20F = {
						CreatedOnToolsVersion = 14.2;
					};
					CB178C022A16F5DF0079A20F = {
						CreatedOnToolsVersion = 14.2;
						TestTargetID = CB178BEC2A16F5DE0079A20F;
					};
					CB178C0C2A16F5DF0079A20F = {
						CreatedOnToolsVersion = 14.2;
						TestTargetID = CB178BEC2A16F5DE0079A20F;
					};
					CB63CE402D9B3EFF0073A20F = {
						CreatedOnToolsVersion = 16.0;
					};
					CB63CE542D9B3F150073A20F = {
						CreatedOnToolsVersion = 16.0;
					};
					CB63CE692D9B3F2A0073A20F = {
						CreatedOnToolsVersion = 16.0;
					};
				};
			};
			buildConfigurationList = CB178BE82A16F5DE0079A20F /* Build configuration list for PBXProject "StudyBuddy" */;
			compatibilityVersion = "Xcode 14.0";
			developmentRegion = en;
			hasScannedForEncodings = 0;
			knownRegions = (
				en,
				Base,
			);
			mainGroup = CB178BE42A16F5DE0079A20F;
			packageReferences = (
				CBC87F512D9A08B80037760B /* XCRemoteSwiftPackageReference "SnapKit" */,
				CBC87F522D9A09860037760B /* XCRemoteSwiftPackageReference "firebase-ios-sdk" */,
			);
			productRefGroup = CB178BEE2A16F5DE0079A20F /* Products */;
			projectDirPath = "";
			projectRoot = "";
			targets = (
				CB178BEC2A16F5DE0079A20F /* StudyBuddy */,
				CB178C022A16F5DF0079A20F /* StudyBuddyTests */,
				CB178C0C2A16F5DF0079A20F /* StudyBuddyUITests */,
				CB63CE402D9B3EFF0073A20F /* StudyBuddyDeviceActivityMonitor */,
				CB63CE542D9B3F150073A20F /* StudyBuddyShieldConfiguration */,
				CB63CE692D9B3F2A0073A20F /* StudyBuddyShieldActionExtension */,
			);
		};
/* End PBXProject section */

/* Begin PBXResourcesBuildPhase section */
		CB178BEB2A16F5DE0079A20F /* Resources */ = {
			isa = PBXResourcesBuildPhase;
			buildActionMask = 2147483647;
			files = (
				CB178BFD2A16F5DF0079A20F /* LaunchScreen.storyboard in Resources */,
				CB3799EC2BE1BF2C005A571D /* GoogleService-Info.plist in Resources */,
				CBD033EA2C3F0FB70006CEEA /* ViewController.xib in Resources */,
				CB1FE74F2BEACEA700AD0E2D /* nature.mp3 in Resources */,
				CB178BFA2A16F5DF0079A20F /* Assets.xcassets in Resources */,
				CB1FE7502BEACEA700AD0E2D /* jazz.mp3 in Resources */,
				CB1FE74E2BEACEA700AD0E2D /* lo-fi.mp3 in Resources */,
				CB1FE74D2BEACEA700AD0E2D /* frequency.mp3 in Resources */,
			);
			runOnlyForDeploymentPostprocessing = 0;
		};
		CB178C012A16F5DF0079A20F /* Resources */ = {
			isa = PBXResourcesBuildPhase;
			buildActionMask = 2147483647;
			files = (
			);
			runOnlyForDeploymentPostprocessing = 0;
		};
		CB178C0B2A16F5DF0079A20F /* Resources */ = {
			isa = PBXResourcesBuildPhase;
			buildActionMask = 2147483647;
			files = (
			);
			runOnlyForDeploymentPostprocessing = 0;
		};
		CB63CE3F2D9B3EFF0073A20F /* Resources */ = {
			isa = PBXResourcesBuildPhase;
			buildActionMask = 2147483647;
			files = (
			);
			runOnlyForDeploymentPostprocessing = 0;
		};
		CB63CE532D9B3F150073A20F /* Resources */ = {
			isa = PBXResourcesBuildPhase;
			buildActionMask = 2147483647;
			files = (
			);
			runOnlyForDeploymentPostprocessing = 0;
		};
		CB63CE682D9B3F2A0073A20F /* Resources */ = {
			isa = PBXResourcesBuildPhase;
			buildActionMask = 2147483647;
			files = (
			);
			runOnlyForDeploymentPostprocessing = 0;
		};
/* End PBXResourcesBuildPhase section */

/* Begin PBXSourcesBuildPhase section */
		CB178BE92A16F5DE0079A20F /* Sources */ = {
			isa = PBXSourcesBuildPhase;
			buildActionMask = 2147483647;
			files = (
				CB178BF12A16F5DE0079A20F /* AppDelegate.swift in Sources */,
				CB1FE73F2BE8916A00AD0E2D /* PomodoroAndSoundInteractor.swift in Sources */,
				CB1FE7432BE8917C00AD0E2D /* PomodoroAndSoundCoordinator.swift in Sources */,
				CBA86EAA2BD7E8DD0069B024 /* MainCoordinator.swift in Sources */,
				CBA86EA82BD73FEC0069B024 /* Coordinator.swift in Sources */,
				CBA86EAD2BD7E9190069B024 /* TabBarScene.swift in Sources */,
				CB490E1B2A32A36E00276780 /* SoundCell.swift in Sources */,
				CB1FE75D2BEB0CC200AD0E2D /* SelectPomodoroPresenter.swift in Sources */,
				CB1FE7212BE8186600AD0E2D /* NewUserFactory.swift in Sources */,
				CB490E132A32736100276780 /* NewRoutineViewController.swift in Sources */,
				CB490E172A329E1900276780 /* SelectBackgroundSoundViewController.swift in Sources */,
				CB178BF52A16F5DE0079A20F /* MainViewController.swift in Sources */,
				CB4F3B292BE3D6880011D5BF /* HelpViewController.swift in Sources */,
				CB1FE7242BE843E100AD0E2D /* MainFactory.swift in Sources */,
				CB1FE72E2BE84F1300AD0E2D /* ProfileFactory.swift in Sources */,
				CB4F3B262BE3D1380011D5BF /* OnboardingRankingViewController.swift in Sources */,
				CB1FE7772BEC008100AD0E2D /* RankingPresenter.swift in Sources */,
				CB1FE7562BEAF8EB00AD0E2D /* NewRoutineInteractor.swift in Sources */,
				CB1FE71B2BE817A900AD0E2D /* NewUserInteractor.swift in Sources */,
				CBA86EA42BD73EFA0069B024 /* ProfileViewController.swift in Sources */,
				CB1FE75F2BEB0CD300AD0E2D /* SelectPomodoroFactory.swift in Sources */,
				CB1FE72C2BE84DCD00AD0E2D /* ProfilePresenter.swift in Sources */,
				CB1FE75B2BEB0CB500AD0E2D /* SelectPomodoroInteractor.swift in Sources */,
				CB1FE73B2BE8910D00AD0E2D /* PomodoroAndSoundViewController.swift in Sources */,
				CB1FE76D2BEBB05E00AD0E2D /* EditRoutineInteractor.swift in Sources */,
				CB1FE7642BEB1CBE00AD0E2D /* SelectBackgroundSoundPresenter.swift in Sources */,
				CBA86EB12BD7EAC30069B024 /* RoutinesCoordinator.swift in Sources */,
				CB1FE71D2BE817B600AD0E2D /* NewUserPresenter.swift in Sources */,
				CB1FE7262BE8473300AD0E2D /* MainInteractor.swift in Sources */,
				CB490E102A326FDA00276780 /* RoutineDetailsViewController.swift in Sources */,
				CB1FE7282BE8473D00AD0E2D /* MainPresenter.swift in Sources */,
				CB1FE7542BEAF8E200AD0E2D /* NewRoutineFactory.swift in Sources */,
				CB1FE7792BEC00A400AD0E2D /* RankingFactory.swift in Sources */,
				CBA86EAF2BD7EAB20069B024 /* ProfileCoordinator.swift in Sources */,
				CBB30A742BD9A43400239FAC /* EditRoutineViewController.swift in Sources */,
				CB1FE7342BE8809700AD0E2D /* RoutineDetailsInteractor.swift in Sources */,
				CB1FE7662BEB1CC700AD0E2D /* SelectBackgroundSoundFactory.swift in Sources */,
				CBB30A792BD9CBCE00239FAC /* NewUserViewController.swift in Sources */,
				CB1FE73D2BE8911D00AD0E2D /* PomodoroAndSoundFactory.swift in Sources */,
				CB1FE7412BE8917200AD0E2D /* PomodoroAndSoundPresenter.swift in Sources */,
				CBA86EBD2BD81F3A0069B024 /* UserOnRankingCell.swift in Sources */,
				CB1FE7582BEAF8F700AD0E2D /* NewRoutinePresenter.swift in Sources */,
				CB3865392BEC698E00C0830A /* ProfilePictureSelectionViewController.swift in Sources */,
				CBEFAAC32A325D6E00DA24CB /* Cell+Extensions.swift in Sources */,
				CB38653B2BEC6C2700C0830A /* ProfilePictureSelectionCell.swift in Sources */,
				CBEFAABC2A325C5D00DA24CB /* RoutineCell.swift in Sources */,
				CB1FE72A2BE84DBF00AD0E2D /* ProfileInteractor.swift in Sources */,
				CB1FE7472BEA8C6300AD0E2D /* AudioButtonState.swift in Sources */,
				CB1FE7362BE880A800AD0E2D /* RoutineDetailsPresenter.swift in Sources */,
				CB1FE7382BE880B600AD0E2D /* RoutineDetailsCoordinator.swift in Sources */,
				CB490E192A329F3100276780 /* SelectAppsToBlockViewController.swift in Sources */,
				CB490E1D2A32B02900276780 /* AppCell.swift in Sources */,
				CB63CE7A2D9B40F90073A20F /* ShieldManager.swift in Sources */,
				CBB30A772BD9CA8400239FAC /* NewUserCoordinator.swift in Sources */,
				CBA86EA62BD73F180069B024 /* AppCoordinator.swift in Sources */,
				CB1FE7322BE8808700AD0E2D /* RoutineDetailsFactory.swift in Sources */,
				CB1FE76F2BEBB06E00AD0E2D /* EditRoutinePresenter.swift in Sources */,
				CB1FE7732BEBB08A00AD0E2D /* EditRoutineFactory.swift in Sources */,
				CB178BF32A16F5DE0079A20F /* SceneDelegate.swift in Sources */,
				CB490E152A329B3000276780 /* SelectPomodoroViewController.swift in Sources */,
				CBD033E92C3F0FB70006CEEA /* ViewController.swift in Sources */,
				CB1FE7752BEC007700AD0E2D /* RankingInteractor.swift in Sources */,
				CB1FE7622BEB1CB400AD0E2D /* SelectBackgroundSoundInteractor.swift in Sources */,
				CB1FE7302BE8797900AD0E2D /* RoutineModel.swift in Sources */,
				CBA86EBB2BD81A1B0069B024 /* RankingViewController.swift in Sources */,
			);
			runOnlyForDeploymentPostprocessing = 0;
		};
		CB178BFF2A16F5DF0079A20F /* Sources */ = {
			isa = PBXSourcesBuildPhase;
			buildActionMask = 2147483647;
			files = (
				CB178C082A16F5DF0079A20F /* StudyBuddyTests.swift in Sources */,
			);
			runOnlyForDeploymentPostprocessing = 0;
		};
		CB178C092A16F5DF0079A20F /* Sources */ = {
			isa = PBXSourcesBuildPhase;
			buildActionMask = 2147483647;
			files = (
				CB178C122A16F5DF0079A20F /* StudyBuddyUITests.swift in Sources */,
				CB178C142A16F5DF0079A20F /* StudyBuddyUITestsLaunchTests.swift in Sources */,
			);
			runOnlyForDeploymentPostprocessing = 0;
		};
		CB63CE3D2D9B3EFF0073A20F /* Sources */ = {
			isa = PBXSourcesBuildPhase;
			buildActionMask = 2147483647;
			files = (
			);
			runOnlyForDeploymentPostprocessing = 0;
		};
		CB63CE512D9B3F150073A20F /* Sources */ = {
			isa = PBXSourcesBuildPhase;
			buildActionMask = 2147483647;
			files = (
			);
			runOnlyForDeploymentPostprocessing = 0;
		};
		CB63CE662D9B3F2A0073A20F /* Sources */ = {
			isa = PBXSourcesBuildPhase;
			buildActionMask = 2147483647;
			files = (
			);
			runOnlyForDeploymentPostprocessing = 0;
		};
/* End PBXSourcesBuildPhase section */

/* Begin PBXTargetDependency section */
		CB178C052A16F5DF0079A20F /* PBXTargetDependency */ = {
			isa = PBXTargetDependency;
			target = CB178BEC2A16F5DE0079A20F /* StudyBuddy */;
			targetProxy = CB178C042A16F5DF0079A20F /* PBXContainerItemProxy */;
		};
		CB178C0F2A16F5DF0079A20F /* PBXTargetDependency */ = {
			isa = PBXTargetDependency;
			target = CB178BEC2A16F5DE0079A20F /* StudyBuddy */;
			targetProxy = CB178C0E2A16F5DF0079A20F /* PBXContainerItemProxy */;
		};
		CB63CE4A2D9B3EFF0073A20F /* PBXTargetDependency */ = {
			isa = PBXTargetDependency;
			target = CB63CE402D9B3EFF0073A20F /* StudyBuddyDeviceActivityMonitor */;
			targetProxy = CB63CE492D9B3EFF0073A20F /* PBXContainerItemProxy */;
		};
		CB63CE602D9B3F150073A20F /* PBXTargetDependency */ = {
			isa = PBXTargetDependency;
			target = CB63CE542D9B3F150073A20F /* StudyBuddyShieldConfiguration */;
			targetProxy = CB63CE5F2D9B3F150073A20F /* PBXContainerItemProxy */;
		};
		CB63CE722D9B3F2A0073A20F /* PBXTargetDependency */ = {
			isa = PBXTargetDependency;
			target = CB63CE692D9B3F2A0073A20F /* StudyBuddyShieldActionExtension */;
			targetProxy = CB63CE712D9B3F2A0073A20F /* PBXContainerItemProxy */;
		};
/* End PBXTargetDependency section */

/* Begin PBXVariantGroup section */
		CB178BFB2A16F5DF0079A20F /* LaunchScreen.storyboard */ = {
			isa = PBXVariantGroup;
			children = (
				CB178BFC2A16F5DF0079A20F /* Base */,
			);
			name = LaunchScreen.storyboard;
			sourceTree = "<group>";
		};
/* End PBXVariantGroup section */

/* Begin XCBuildConfiguration section */
		CB178C152A16F5DF0079A20F /* Debug */ = {
			isa = XCBuildConfiguration;
			buildSettings = {
				ALWAYS_SEARCH_USER_PATHS = NO;
				CLANG_ANALYZER_NONNULL = YES;
				CLANG_ANALYZER_NUMBER_OBJECT_CONVERSION = YES_AGGRESSIVE;
				CLANG_CXX_LANGUAGE_STANDARD = "gnu++20";
				CLANG_ENABLE_MODULES = YES;
				CLANG_ENABLE_OBJC_ARC = YES;
				CLANG_ENABLE_OBJC_WEAK = YES;
				CLANG_WARN_BLOCK_CAPTURE_AUTORELEASING = YES;
				CLANG_WARN_BOOL_CONVERSION = YES;
				CLANG_WARN_COMMA = YES;
				CLANG_WARN_CONSTANT_CONVERSION = YES;
				CLANG_WARN_DEPRECATED_OBJC_IMPLEMENTATIONS = YES;
				CLANG_WARN_DIRECT_OBJC_ISA_USAGE = YES_ERROR;
				CLANG_WARN_DOCUMENTATION_COMMENTS = YES;
				CLANG_WARN_EMPTY_BODY = YES;
				CLANG_WARN_ENUM_CONVERSION = YES;
				CLANG_WARN_INFINITE_RECURSION = YES;
				CLANG_WARN_INT_CONVERSION = YES;
				CLANG_WARN_NON_LITERAL_NULL_CONVERSION = YES;
				CLANG_WARN_OBJC_IMPLICIT_RETAIN_SELF = YES;
				CLANG_WARN_OBJC_LITERAL_CONVERSION = YES;
				CLANG_WARN_OBJC_ROOT_CLASS = YES_ERROR;
				CLANG_WARN_QUOTED_INCLUDE_IN_FRAMEWORK_HEADER = YES;
				CLANG_WARN_RANGE_LOOP_ANALYSIS = YES;
				CLANG_WARN_STRICT_PROTOTYPES = YES;
				CLANG_WARN_SUSPICIOUS_MOVE = YES;
				CLANG_WARN_UNGUARDED_AVAILABILITY = YES_AGGRESSIVE;
				CLANG_WARN_UNREACHABLE_CODE = YES;
				CLANG_WARN__DUPLICATE_METHOD_MATCH = YES;
				COPY_PHASE_STRIP = NO;
				DEBUG_INFORMATION_FORMAT = dwarf;
				ENABLE_STRICT_OBJC_MSGSEND = YES;
				ENABLE_TESTABILITY = YES;
				GCC_C_LANGUAGE_STANDARD = gnu11;
				GCC_DYNAMIC_NO_PIC = NO;
				GCC_NO_COMMON_BLOCKS = YES;
				GCC_OPTIMIZATION_LEVEL = 0;
				GCC_PREPROCESSOR_DEFINITIONS = (
					"DEBUG=1",
					"$(inherited)",
				);
				GCC_WARN_64_TO_32_BIT_CONVERSION = YES;
				GCC_WARN_ABOUT_RETURN_TYPE = YES_ERROR;
				GCC_WARN_UNDECLARED_SELECTOR = YES;
				GCC_WARN_UNINITIALIZED_AUTOS = YES_AGGRESSIVE;
				GCC_WARN_UNUSED_FUNCTION = YES;
				GCC_WARN_UNUSED_VARIABLE = YES;
				IPHONEOS_DEPLOYMENT_TARGET = 16.2;
				MTL_ENABLE_DEBUG_INFO = INCLUDE_SOURCE;
				MTL_FAST_MATH = YES;
				ONLY_ACTIVE_ARCH = YES;
				SDKROOT = iphoneos;
				SWIFT_ACTIVE_COMPILATION_CONDITIONS = DEBUG;
				SWIFT_OPTIMIZATION_LEVEL = "-Onone";
			};
			name = Debug;
		};
		CB178C162A16F5DF0079A20F /* Release */ = {
			isa = XCBuildConfiguration;
			buildSettings = {
				ALWAYS_SEARCH_USER_PATHS = NO;
				CLANG_ANALYZER_NONNULL = YES;
				CLANG_ANALYZER_NUMBER_OBJECT_CONVERSION = YES_AGGRESSIVE;
				CLANG_CXX_LANGUAGE_STANDARD = "gnu++20";
				CLANG_ENABLE_MODULES = YES;
				CLANG_ENABLE_OBJC_ARC = YES;
				CLANG_ENABLE_OBJC_WEAK = YES;
				CLANG_WARN_BLOCK_CAPTURE_AUTORELEASING = YES;
				CLANG_WARN_BOOL_CONVERSION = YES;
				CLANG_WARN_COMMA = YES;
				CLANG_WARN_CONSTANT_CONVERSION = YES;
				CLANG_WARN_DEPRECATED_OBJC_IMPLEMENTATIONS = YES;
				CLANG_WARN_DIRECT_OBJC_ISA_USAGE = YES_ERROR;
				CLANG_WARN_DOCUMENTATION_COMMENTS = YES;
				CLANG_WARN_EMPTY_BODY = YES;
				CLANG_WARN_ENUM_CONVERSION = YES;
				CLANG_WARN_INFINITE_RECURSION = YES;
				CLANG_WARN_INT_CONVERSION = YES;
				CLANG_WARN_NON_LITERAL_NULL_CONVERSION = YES;
				CLANG_WARN_OBJC_IMPLICIT_RETAIN_SELF = YES;
				CLANG_WARN_OBJC_LITERAL_CONVERSION = YES;
				CLANG_WARN_OBJC_ROOT_CLASS = YES_ERROR;
				CLANG_WARN_QUOTED_INCLUDE_IN_FRAMEWORK_HEADER = YES;
				CLANG_WARN_RANGE_LOOP_ANALYSIS = YES;
				CLANG_WARN_STRICT_PROTOTYPES = YES;
				CLANG_WARN_SUSPICIOUS_MOVE = YES;
				CLANG_WARN_UNGUARDED_AVAILABILITY = YES_AGGRESSIVE;
				CLANG_WARN_UNREACHABLE_CODE = YES;
				CLANG_WARN__DUPLICATE_METHOD_MATCH = YES;
				COPY_PHASE_STRIP = NO;
				DEBUG_INFORMATION_FORMAT = "dwarf-with-dsym";
				ENABLE_NS_ASSERTIONS = NO;
				ENABLE_STRICT_OBJC_MSGSEND = YES;
				GCC_C_LANGUAGE_STANDARD = gnu11;
				GCC_NO_COMMON_BLOCKS = YES;
				GCC_WARN_64_TO_32_BIT_CONVERSION = YES;
				GCC_WARN_ABOUT_RETURN_TYPE = YES_ERROR;
				GCC_WARN_UNDECLARED_SELECTOR = YES;
				GCC_WARN_UNINITIALIZED_AUTOS = YES_AGGRESSIVE;
				GCC_WARN_UNUSED_FUNCTION = YES;
				GCC_WARN_UNUSED_VARIABLE = YES;
				IPHONEOS_DEPLOYMENT_TARGET = 16.2;
				MTL_ENABLE_DEBUG_INFO = NO;
				MTL_FAST_MATH = YES;
				SDKROOT = iphoneos;
				SWIFT_COMPILATION_MODE = wholemodule;
				SWIFT_OPTIMIZATION_LEVEL = "-O";
				VALIDATE_PRODUCT = YES;
			};
			name = Release;
		};
		CB178C182A16F5DF0079A20F /* Debug */ = {
			isa = XCBuildConfiguration;
			buildSettings = {
				ASSETCATALOG_COMPILER_APPICON_NAME = AppIcon;
				ASSETCATALOG_COMPILER_GLOBAL_ACCENT_COLOR_NAME = AccentColor;
				CODE_SIGN_ENTITLEMENTS = StudyBuddy/StudyBuddy.entitlements;
				CODE_SIGN_STYLE = Automatic;
				CURRENT_PROJECT_VERSION = 1;
				DEVELOPMENT_TEAM = G7V7K8FW7V;
				GENERATE_INFOPLIST_FILE = YES;
				INFOPLIST_FILE = StudyBuddy/Info.plist;
				INFOPLIST_KEY_UIApplicationSupportsIndirectInputEvents = YES;
				INFOPLIST_KEY_UILaunchStoryboardName = LaunchScreen;
				INFOPLIST_KEY_UISupportedInterfaceOrientations_iPad = "UIInterfaceOrientationPortrait UIInterfaceOrientationPortraitUpsideDown UIInterfaceOrientationLandscapeLeft UIInterfaceOrientationLandscapeRight";
				INFOPLIST_KEY_UISupportedInterfaceOrientations_iPhone = "UIInterfaceOrientationPortrait UIInterfaceOrientationLandscapeLeft UIInterfaceOrientationLandscapeRight";
				LD_RUNPATH_SEARCH_PATHS = (
					"$(inherited)",
					"@executable_path/Frameworks",
				);
				MARKETING_VERSION = 1.0;
				PRODUCT_BUNDLE_IDENTIFIER = chaos.StudyBuddy;
				PRODUCT_NAME = "$(TARGET_NAME)";
				SUPPORTED_PLATFORMS = "iphoneos iphonesimulator";
				SUPPORTS_MACCATALYST = NO;
				SUPPORTS_XR_DESIGNED_FOR_IPHONE_IPAD = NO;
				SWIFT_EMIT_LOC_STRINGS = YES;
				SWIFT_VERSION = 5.0;
				TARGETED_DEVICE_FAMILY = "1,2";
			};
			name = Debug;
		};
		CB178C192A16F5DF0079A20F /* Release */ = {
			isa = XCBuildConfiguration;
			buildSettings = {
				ASSETCATALOG_COMPILER_APPICON_NAME = AppIcon;
				ASSETCATALOG_COMPILER_GLOBAL_ACCENT_COLOR_NAME = AccentColor;
				CODE_SIGN_ENTITLEMENTS = StudyBuddy/StudyBuddy.entitlements;
				CODE_SIGN_STYLE = Automatic;
				CURRENT_PROJECT_VERSION = 1;
				DEVELOPMENT_TEAM = G7V7K8FW7V;
				GENERATE_INFOPLIST_FILE = YES;
				INFOPLIST_FILE = StudyBuddy/Info.plist;
				INFOPLIST_KEY_UIApplicationSupportsIndirectInputEvents = YES;
				INFOPLIST_KEY_UILaunchStoryboardName = LaunchScreen;
				INFOPLIST_KEY_UISupportedInterfaceOrientations_iPad = "UIInterfaceOrientationPortrait UIInterfaceOrientationPortraitUpsideDown UIInterfaceOrientationLandscapeLeft UIInterfaceOrientationLandscapeRight";
				INFOPLIST_KEY_UISupportedInterfaceOrientations_iPhone = "UIInterfaceOrientationPortrait UIInterfaceOrientationLandscapeLeft UIInterfaceOrientationLandscapeRight";
				LD_RUNPATH_SEARCH_PATHS = (
					"$(inherited)",
					"@executable_path/Frameworks",
				);
				MARKETING_VERSION = 1.0;
				PRODUCT_BUNDLE_IDENTIFIER = chaos.StudyBuddy;
				PRODUCT_NAME = "$(TARGET_NAME)";
				SUPPORTED_PLATFORMS = "iphoneos iphonesimulator";
				SUPPORTS_MACCATALYST = NO;
				SUPPORTS_XR_DESIGNED_FOR_IPHONE_IPAD = NO;
				SWIFT_EMIT_LOC_STRINGS = YES;
				SWIFT_VERSION = 5.0;
				TARGETED_DEVICE_FAMILY = "1,2";
			};
			name = Release;
		};
		CB178C1B2A16F5DF0079A20F /* Debug */ = {
			isa = XCBuildConfiguration;
			buildSettings = {
				ALWAYS_EMBED_SWIFT_STANDARD_LIBRARIES = YES;
				BUNDLE_LOADER = "$(TEST_HOST)";
				CODE_SIGN_STYLE = Automatic;
				CURRENT_PROJECT_VERSION = 1;
				GENERATE_INFOPLIST_FILE = YES;
				IPHONEOS_DEPLOYMENT_TARGET = 16.2;
				MARKETING_VERSION = 1.0;
				PRODUCT_BUNDLE_IDENTIFIER = chaos.StudyBuddyTests;
				PRODUCT_NAME = "$(TARGET_NAME)";
				SWIFT_EMIT_LOC_STRINGS = NO;
				SWIFT_VERSION = 5.0;
				TARGETED_DEVICE_FAMILY = "1,2";
				TEST_HOST = "$(BUILT_PRODUCTS_DIR)/StudyBuddy.app/$(BUNDLE_EXECUTABLE_FOLDER_PATH)/StudyBuddy";
			};
			name = Debug;
		};
		CB178C1C2A16F5DF0079A20F /* Release */ = {
			isa = XCBuildConfiguration;
			buildSettings = {
				ALWAYS_EMBED_SWIFT_STANDARD_LIBRARIES = YES;
				BUNDLE_LOADER = "$(TEST_HOST)";
				CODE_SIGN_STYLE = Automatic;
				CURRENT_PROJECT_VERSION = 1;
				GENERATE_INFOPLIST_FILE = YES;
				IPHONEOS_DEPLOYMENT_TARGET = 16.2;
				MARKETING_VERSION = 1.0;
				PRODUCT_BUNDLE_IDENTIFIER = chaos.StudyBuddyTests;
				PRODUCT_NAME = "$(TARGET_NAME)";
				SWIFT_EMIT_LOC_STRINGS = NO;
				SWIFT_VERSION = 5.0;
				TARGETED_DEVICE_FAMILY = "1,2";
				TEST_HOST = "$(BUILT_PRODUCTS_DIR)/StudyBuddy.app/$(BUNDLE_EXECUTABLE_FOLDER_PATH)/StudyBuddy";
			};
			name = Release;
		};
		CB178C1E2A16F5DF0079A20F /* Debug */ = {
			isa = XCBuildConfiguration;
			buildSettings = {
				ALWAYS_EMBED_SWIFT_STANDARD_LIBRARIES = YES;
				CODE_SIGN_STYLE = Automatic;
				CURRENT_PROJECT_VERSION = 1;
				GENERATE_INFOPLIST_FILE = YES;
				MARKETING_VERSION = 1.0;
				PRODUCT_BUNDLE_IDENTIFIER = chaos.StudyBuddyUITests;
				PRODUCT_NAME = "$(TARGET_NAME)";
				SWIFT_EMIT_LOC_STRINGS = NO;
				SWIFT_VERSION = 5.0;
				TARGETED_DEVICE_FAMILY = "1,2";
				TEST_TARGET_NAME = StudyBuddy;
			};
			name = Debug;
		};
		CB178C1F2A16F5DF0079A20F /* Release */ = {
			isa = XCBuildConfiguration;
			buildSettings = {
				ALWAYS_EMBED_SWIFT_STANDARD_LIBRARIES = YES;
				CODE_SIGN_STYLE = Automatic;
				CURRENT_PROJECT_VERSION = 1;
				GENERATE_INFOPLIST_FILE = YES;
				MARKETING_VERSION = 1.0;
				PRODUCT_BUNDLE_IDENTIFIER = chaos.StudyBuddyUITests;
				PRODUCT_NAME = "$(TARGET_NAME)";
				SWIFT_EMIT_LOC_STRINGS = NO;
				SWIFT_VERSION = 5.0;
				TARGETED_DEVICE_FAMILY = "1,2";
				TEST_TARGET_NAME = StudyBuddy;
			};
			name = Release;
		};
		CB63CE4E2D9B3EFF0073A20F /* Debug */ = {
			isa = XCBuildConfiguration;
			buildSettings = {
				ASSETCATALOG_COMPILER_GENERATE_SWIFT_ASSET_SYMBOL_EXTENSIONS = YES;
				CODE_SIGN_ENTITLEMENTS = StudyBuddyDeviceActivityMonitor/StudyBuddyDeviceActivityMonitor.entitlements;
				CODE_SIGN_STYLE = Automatic;
				CURRENT_PROJECT_VERSION = 1;
				DEVELOPMENT_TEAM = G7V7K8FW7V;
				ENABLE_USER_SCRIPT_SANDBOXING = YES;
				GCC_C_LANGUAGE_STANDARD = gnu17;
				GENERATE_INFOPLIST_FILE = YES;
				INFOPLIST_FILE = StudyBuddyDeviceActivityMonitor/Info.plist;
				INFOPLIST_KEY_CFBundleDisplayName = StudyBuddyDeviceActivityMonitor;
				INFOPLIST_KEY_NSHumanReadableCopyright = "";
				IPHONEOS_DEPLOYMENT_TARGET = 18.0;
				LD_RUNPATH_SEARCH_PATHS = (
					"$(inherited)",
					"@executable_path/Frameworks",
					"@executable_path/../../Frameworks",
				);
				LOCALIZATION_PREFERS_STRING_CATALOGS = YES;
				MARKETING_VERSION = 1.0;
				PRODUCT_BUNDLE_IDENTIFIER = chaos.StudyBuddy.StudyBuddyDeviceActivityMonitor;
				PRODUCT_NAME = "$(TARGET_NAME)";
				SKIP_INSTALL = YES;
				SWIFT_ACTIVE_COMPILATION_CONDITIONS = "DEBUG $(inherited)";
				SWIFT_EMIT_LOC_STRINGS = YES;
				SWIFT_VERSION = 5.0;
				TARGETED_DEVICE_FAMILY = "1,2";
			};
			name = Debug;
		};
		CB63CE4F2D9B3EFF0073A20F /* Release */ = {
			isa = XCBuildConfiguration;
			buildSettings = {
				ASSETCATALOG_COMPILER_GENERATE_SWIFT_ASSET_SYMBOL_EXTENSIONS = YES;
				CODE_SIGN_ENTITLEMENTS = StudyBuddyDeviceActivityMonitor/StudyBuddyDeviceActivityMonitor.entitlements;
				CODE_SIGN_STYLE = Automatic;
				CURRENT_PROJECT_VERSION = 1;
				DEVELOPMENT_TEAM = G7V7K8FW7V;
				ENABLE_USER_SCRIPT_SANDBOXING = YES;
				GCC_C_LANGUAGE_STANDARD = gnu17;
				GENERATE_INFOPLIST_FILE = YES;
				INFOPLIST_FILE = StudyBuddyDeviceActivityMonitor/Info.plist;
				INFOPLIST_KEY_CFBundleDisplayName = StudyBuddyDeviceActivityMonitor;
				INFOPLIST_KEY_NSHumanReadableCopyright = "";
				IPHONEOS_DEPLOYMENT_TARGET = 18.0;
				LD_RUNPATH_SEARCH_PATHS = (
					"$(inherited)",
					"@executable_path/Frameworks",
					"@executable_path/../../Frameworks",
				);
				LOCALIZATION_PREFERS_STRING_CATALOGS = YES;
				MARKETING_VERSION = 1.0;
				PRODUCT_BUNDLE_IDENTIFIER = chaos.StudyBuddy.StudyBuddyDeviceActivityMonitor;
				PRODUCT_NAME = "$(TARGET_NAME)";
				SKIP_INSTALL = YES;
				SWIFT_EMIT_LOC_STRINGS = YES;
				SWIFT_VERSION = 5.0;
				TARGETED_DEVICE_FAMILY = "1,2";
			};
			name = Release;
		};
		CB63CE642D9B3F150073A20F /* Debug */ = {
			isa = XCBuildConfiguration;
			buildSettings = {
				ASSETCATALOG_COMPILER_GENERATE_SWIFT_ASSET_SYMBOL_EXTENSIONS = YES;
				CODE_SIGN_ENTITLEMENTS = StudyBuddyShieldConfiguration/StudyBuddyShieldConfiguration.entitlements;
				CODE_SIGN_STYLE = Automatic;
				CURRENT_PROJECT_VERSION = 1;
				DEVELOPMENT_TEAM = G7V7K8FW7V;
				ENABLE_USER_SCRIPT_SANDBOXING = YES;
				GCC_C_LANGUAGE_STANDARD = gnu17;
				GENERATE_INFOPLIST_FILE = YES;
				INFOPLIST_FILE = StudyBuddyShieldConfiguration/Info.plist;
				INFOPLIST_KEY_CFBundleDisplayName = StudyBuddyShieldConfiguration;
				INFOPLIST_KEY_NSHumanReadableCopyright = "";
				IPHONEOS_DEPLOYMENT_TARGET = 18.0;
				LD_RUNPATH_SEARCH_PATHS = (
					"$(inherited)",
					"@executable_path/Frameworks",
					"@executable_path/../../Frameworks",
				);
				LOCALIZATION_PREFERS_STRING_CATALOGS = YES;
				MARKETING_VERSION = 1.0;
				PRODUCT_BUNDLE_IDENTIFIER = chaos.StudyBuddy.StudyBuddyShieldConfiguration;
				PRODUCT_NAME = "$(TARGET_NAME)";
				SKIP_INSTALL = YES;
				SWIFT_ACTIVE_COMPILATION_CONDITIONS = "DEBUG $(inherited)";
				SWIFT_EMIT_LOC_STRINGS = YES;
				SWIFT_VERSION = 5.0;
				TARGETED_DEVICE_FAMILY = "1,2";
			};
			name = Debug;
		};
		CB63CE652D9B3F150073A20F /* Release */ = {
			isa = XCBuildConfiguration;
			buildSettings = {
				ASSETCATALOG_COMPILER_GENERATE_SWIFT_ASSET_SYMBOL_EXTENSIONS = YES;
				CODE_SIGN_ENTITLEMENTS = StudyBuddyShieldConfiguration/StudyBuddyShieldConfiguration.entitlements;
				CODE_SIGN_STYLE = Automatic;
				CURRENT_PROJECT_VERSION = 1;
				DEVELOPMENT_TEAM = G7V7K8FW7V;
				ENABLE_USER_SCRIPT_SANDBOXING = YES;
				GCC_C_LANGUAGE_STANDARD = gnu17;
				GENERATE_INFOPLIST_FILE = YES;
				INFOPLIST_FILE = StudyBuddyShieldConfiguration/Info.plist;
				INFOPLIST_KEY_CFBundleDisplayName = StudyBuddyShieldConfiguration;
				INFOPLIST_KEY_NSHumanReadableCopyright = "";
				IPHONEOS_DEPLOYMENT_TARGET = 18.0;
				LD_RUNPATH_SEARCH_PATHS = (
					"$(inherited)",
					"@executable_path/Frameworks",
					"@executable_path/../../Frameworks",
				);
				LOCALIZATION_PREFERS_STRING_CATALOGS = YES;
				MARKETING_VERSION = 1.0;
				PRODUCT_BUNDLE_IDENTIFIER = chaos.StudyBuddy.StudyBuddyShieldConfiguration;
				PRODUCT_NAME = "$(TARGET_NAME)";
				SKIP_INSTALL = YES;
				SWIFT_EMIT_LOC_STRINGS = YES;
				SWIFT_VERSION = 5.0;
				TARGETED_DEVICE_FAMILY = "1,2";
			};
			name = Release;
		};
		CB63CE762D9B3F2A0073A20F /* Debug */ = {
			isa = XCBuildConfiguration;
			buildSettings = {
				ASSETCATALOG_COMPILER_GENERATE_SWIFT_ASSET_SYMBOL_EXTENSIONS = YES;
				CODE_SIGN_ENTITLEMENTS = StudyBuddyShieldActionExtension/StudyBuddyShieldActionExtension.entitlements;
				CODE_SIGN_STYLE = Automatic;
				CURRENT_PROJECT_VERSION = 1;
				DEVELOPMENT_TEAM = G7V7K8FW7V;
				ENABLE_USER_SCRIPT_SANDBOXING = YES;
				GCC_C_LANGUAGE_STANDARD = gnu17;
				GENERATE_INFOPLIST_FILE = YES;
				INFOPLIST_FILE = StudyBuddyShieldActionExtension/Info.plist;
				INFOPLIST_KEY_CFBundleDisplayName = StudyBuddyShieldActionExtension;
				INFOPLIST_KEY_NSHumanReadableCopyright = "";
				IPHONEOS_DEPLOYMENT_TARGET = 18.0;
				LD_RUNPATH_SEARCH_PATHS = (
					"$(inherited)",
					"@executable_path/Frameworks",
					"@executable_path/../../Frameworks",
				);
				LOCALIZATION_PREFERS_STRING_CATALOGS = YES;
				MARKETING_VERSION = 1.0;
				PRODUCT_BUNDLE_IDENTIFIER = chaos.StudyBuddy.StudyBuddyShieldActionExtension;
				PRODUCT_NAME = "$(TARGET_NAME)";
				SKIP_INSTALL = YES;
				SWIFT_ACTIVE_COMPILATION_CONDITIONS = "DEBUG $(inherited)";
				SWIFT_EMIT_LOC_STRINGS = YES;
				SWIFT_VERSION = 5.0;
				TARGETED_DEVICE_FAMILY = "1,2";
			};
			name = Debug;
		};
		CB63CE772D9B3F2A0073A20F /* Release */ = {
			isa = XCBuildConfiguration;
			buildSettings = {
				ASSETCATALOG_COMPILER_GENERATE_SWIFT_ASSET_SYMBOL_EXTENSIONS = YES;
				CODE_SIGN_ENTITLEMENTS = StudyBuddyShieldActionExtension/StudyBuddyShieldActionExtension.entitlements;
				CODE_SIGN_STYLE = Automatic;
				CURRENT_PROJECT_VERSION = 1;
				DEVELOPMENT_TEAM = G7V7K8FW7V;
				ENABLE_USER_SCRIPT_SANDBOXING = YES;
				GCC_C_LANGUAGE_STANDARD = gnu17;
				GENERATE_INFOPLIST_FILE = YES;
				INFOPLIST_FILE = StudyBuddyShieldActionExtension/Info.plist;
				INFOPLIST_KEY_CFBundleDisplayName = StudyBuddyShieldActionExtension;
				INFOPLIST_KEY_NSHumanReadableCopyright = "";
				IPHONEOS_DEPLOYMENT_TARGET = 18.0;
				LD_RUNPATH_SEARCH_PATHS = (
					"$(inherited)",
					"@executable_path/Frameworks",
					"@executable_path/../../Frameworks",
				);
				LOCALIZATION_PREFERS_STRING_CATALOGS = YES;
				MARKETING_VERSION = 1.0;
				PRODUCT_BUNDLE_IDENTIFIER = chaos.StudyBuddy.StudyBuddyShieldActionExtension;
				PRODUCT_NAME = "$(TARGET_NAME)";
				SKIP_INSTALL = YES;
				SWIFT_EMIT_LOC_STRINGS = YES;
				SWIFT_VERSION = 5.0;
				TARGETED_DEVICE_FAMILY = "1,2";
			};
			name = Release;
		};
/* End XCBuildConfiguration section */

/* Begin XCConfigurationList section */
		CB178BE82A16F5DE0079A20F /* Build configuration list for PBXProject "StudyBuddy" */ = {
			isa = XCConfigurationList;
			buildConfigurations = (
				CB178C152A16F5DF0079A20F /* Debug */,
				CB178C162A16F5DF0079A20F /* Release */,
			);
			defaultConfigurationIsVisible = 0;
			defaultConfigurationName = Release;
		};
		CB178C172A16F5DF0079A20F /* Build configuration list for PBXNativeTarget "StudyBuddy" */ = {
			isa = XCConfigurationList;
			buildConfigurations = (
				CB178C182A16F5DF0079A20F /* Debug */,
				CB178C192A16F5DF0079A20F /* Release */,
			);
			defaultConfigurationIsVisible = 0;
			defaultConfigurationName = Release;
		};
		CB178C1A2A16F5DF0079A20F /* Build configuration list for PBXNativeTarget "StudyBuddyTests" */ = {
			isa = XCConfigurationList;
			buildConfigurations = (
				CB178C1B2A16F5DF0079A20F /* Debug */,
				CB178C1C2A16F5DF0079A20F /* Release */,
			);
			defaultConfigurationIsVisible = 0;
			defaultConfigurationName = Release;
		};
		CB178C1D2A16F5DF0079A20F /* Build configuration list for PBXNativeTarget "StudyBuddyUITests" */ = {
			isa = XCConfigurationList;
			buildConfigurations = (
				CB178C1E2A16F5DF0079A20F /* Debug */,
				CB178C1F2A16F5DF0079A20F /* Release */,
			);
			defaultConfigurationIsVisible = 0;
			defaultConfigurationName = Release;
		};
		CB63CE4D2D9B3EFF0073A20F /* Build configuration list for PBXNativeTarget "StudyBuddyDeviceActivityMonitor" */ = {
			isa = XCConfigurationList;
			buildConfigurations = (
				CB63CE4E2D9B3EFF0073A20F /* Debug */,
				CB63CE4F2D9B3EFF0073A20F /* Release */,
			);
			defaultConfigurationIsVisible = 0;
			defaultConfigurationName = Release;
		};
		CB63CE632D9B3F150073A20F /* Build configuration list for PBXNativeTarget "StudyBuddyShieldConfiguration" */ = {
			isa = XCConfigurationList;
			buildConfigurations = (
				CB63CE642D9B3F150073A20F /* Debug */,
				CB63CE652D9B3F150073A20F /* Release */,
			);
			defaultConfigurationIsVisible = 0;
			defaultConfigurationName = Release;
		};
		CB63CE752D9B3F2A0073A20F /* Build configuration list for PBXNativeTarget "StudyBuddyShieldActionExtension" */ = {
			isa = XCConfigurationList;
			buildConfigurations = (
				CB63CE762D9B3F2A0073A20F /* Debug */,
				CB63CE772D9B3F2A0073A20F /* Release */,
			);
			defaultConfigurationIsVisible = 0;
			defaultConfigurationName = Release;
		};
/* End XCConfigurationList section */

/* Begin XCRemoteSwiftPackageReference section */
		CBC87F512D9A08B80037760B /* XCRemoteSwiftPackageReference "SnapKit" */ = {
			isa = XCRemoteSwiftPackageReference;
			repositoryURL = "https://github.com/SnapKit/SnapKit";
			requirement = {
				kind = upToNextMajorVersion;
				minimumVersion = 5.7.1;
			};
		};
		CBC87F522D9A09860037760B /* XCRemoteSwiftPackageReference "firebase-ios-sdk" */ = {
			isa = XCRemoteSwiftPackageReference;
			repositoryURL = "https://github.com/firebase/firebase-ios-sdk";
			requirement = {
				kind = upToNextMajorVersion;
				minimumVersion = 11.10.0;
			};
		};
/* End XCRemoteSwiftPackageReference section */

/* Begin XCSwiftPackageProductDependency section */
		CBEBAABB2D9B3BE400C31550 /* FirebaseCore */ = {
			isa = XCSwiftPackageProductDependency;
			package = CBC87F522D9A09860037760B /* XCRemoteSwiftPackageReference "firebase-ios-sdk" */;
			productName = FirebaseCore;
		};
		CBEBAABD2D9B3BF100C31550 /* FirebaseFirestore */ = {
			isa = XCSwiftPackageProductDependency;
			package = CBC87F522D9A09860037760B /* XCRemoteSwiftPackageReference "firebase-ios-sdk" */;
			productName = FirebaseFirestore;
		};
		CBEBAABF2D9B3C4A00C31550 /* SnapKit */ = {
			isa = XCSwiftPackageProductDependency;
			package = CBC87F512D9A08B80037760B /* XCRemoteSwiftPackageReference "SnapKit" */;
			productName = SnapKit;
		};
/* End XCSwiftPackageProductDependency section */
	};
	rootObject = CB178BE52A16F5DE0079A20F /* Project object */;
}
